// !$*UTF8*$!
{
	archiveVersion = 1;
	classes = {
	};
	objectVersion = 46;
	objects = {

/* Begin PBXBuildFile section */
		BC408D3A1D2CAD7300D47CED /* fish_100000.png in Resources */ = {isa = PBXBuildFile; fileRef = BC408C991D2CAD7300D47CED /* fish_100000.png */; };
		BC408D3B1D2CAD7300D47CED /* fish_100001.png in Resources */ = {isa = PBXBuildFile; fileRef = BC408C9A1D2CAD7300D47CED /* fish_100001.png */; };
		BC408D3C1D2CAD7300D47CED /* fish_100002.png in Resources */ = {isa = PBXBuildFile; fileRef = BC408C9B1D2CAD7300D47CED /* fish_100002.png */; };
		BC408D3D1D2CAD7300D47CED /* fish_100003.png in Resources */ = {isa = PBXBuildFile; fileRef = BC408C9C1D2CAD7300D47CED /* fish_100003.png */; };
		BC408D3E1D2CAD7300D47CED /* fish_100004.png in Resources */ = {isa = PBXBuildFile; fileRef = BC408C9D1D2CAD7300D47CED /* fish_100004.png */; };
		BC408D3F1D2CAD7300D47CED /* fish_100005.png in Resources */ = {isa = PBXBuildFile; fileRef = BC408C9E1D2CAD7300D47CED /* fish_100005.png */; };
		BC408D401D2CAD7300D47CED /* fish_100006.png in Resources */ = {isa = PBXBuildFile; fileRef = BC408C9F1D2CAD7300D47CED /* fish_100006.png */; };
		BC408D411D2CAD7300D47CED /* fish_100007.png in Resources */ = {isa = PBXBuildFile; fileRef = BC408CA01D2CAD7300D47CED /* fish_100007.png */; };
		BC408D421D2CAD7300D47CED /* fish_100008.png in Resources */ = {isa = PBXBuildFile; fileRef = BC408CA11D2CAD7300D47CED /* fish_100008.png */; };
		BC408D431D2CAD7300D47CED /* fish_100009.png in Resources */ = {isa = PBXBuildFile; fileRef = BC408CA21D2CAD7300D47CED /* fish_100009.png */; };
		BC408D441D2CAD7300D47CED /* fish_100010.png in Resources */ = {isa = PBXBuildFile; fileRef = BC408CA31D2CAD7300D47CED /* fish_100010.png */; };
		BC408D451D2CAD7300D47CED /* fish_100011.png in Resources */ = {isa = PBXBuildFile; fileRef = BC408CA41D2CAD7300D47CED /* fish_100011.png */; };
		BC408D461D2CAD7300D47CED /* fish_100012.png in Resources */ = {isa = PBXBuildFile; fileRef = BC408CA51D2CAD7300D47CED /* fish_100012.png */; };
		BC408D471D2CAD7300D47CED /* fish_100013.png in Resources */ = {isa = PBXBuildFile; fileRef = BC408CA61D2CAD7300D47CED /* fish_100013.png */; };
		BC408D481D2CAD7300D47CED /* fish_100014.png in Resources */ = {isa = PBXBuildFile; fileRef = BC408CA71D2CAD7300D47CED /* fish_100014.png */; };
		BC408D491D2CAD7300D47CED /* fish_100015.png in Resources */ = {isa = PBXBuildFile; fileRef = BC408CA81D2CAD7300D47CED /* fish_100015.png */; };
		BC408D4A1D2CAD7300D47CED /* fish_100016.png in Resources */ = {isa = PBXBuildFile; fileRef = BC408CA91D2CAD7300D47CED /* fish_100016.png */; };
		BC408D4B1D2CAD7300D47CED /* fish_100017.png in Resources */ = {isa = PBXBuildFile; fileRef = BC408CAA1D2CAD7300D47CED /* fish_100017.png */; };
		BC408D4C1D2CAD7300D47CED /* fish_100018.png in Resources */ = {isa = PBXBuildFile; fileRef = BC408CAB1D2CAD7300D47CED /* fish_100018.png */; };
		BC408D4D1D2CAD7300D47CED /* fish_100019.png in Resources */ = {isa = PBXBuildFile; fileRef = BC408CAC1D2CAD7300D47CED /* fish_100019.png */; };
		BC408D4E1D2CAD7300D47CED /* fish_100020.png in Resources */ = {isa = PBXBuildFile; fileRef = BC408CAD1D2CAD7300D47CED /* fish_100020.png */; };
		BC408D4F1D2CAD7300D47CED /* fish_100021.png in Resources */ = {isa = PBXBuildFile; fileRef = BC408CAE1D2CAD7300D47CED /* fish_100021.png */; };
		BC408D501D2CAD7300D47CED /* fish_100022.png in Resources */ = {isa = PBXBuildFile; fileRef = BC408CAF1D2CAD7300D47CED /* fish_100022.png */; };
		BC408D511D2CAD7300D47CED /* fish_100023.png in Resources */ = {isa = PBXBuildFile; fileRef = BC408CB01D2CAD7300D47CED /* fish_100023.png */; };
		BC408D521D2CAD7300D47CED /* fish_100024.png in Resources */ = {isa = PBXBuildFile; fileRef = BC408CB11D2CAD7300D47CED /* fish_100024.png */; };
		BC408D531D2CAD7300D47CED /* fish_100025.png in Resources */ = {isa = PBXBuildFile; fileRef = BC408CB21D2CAD7300D47CED /* fish_100025.png */; };
		BC408D541D2CAD7300D47CED /* fish_100026.png in Resources */ = {isa = PBXBuildFile; fileRef = BC408CB31D2CAD7300D47CED /* fish_100026.png */; };
		BC408D551D2CAD7300D47CED /* fish_100027.png in Resources */ = {isa = PBXBuildFile; fileRef = BC408CB41D2CAD7300D47CED /* fish_100027.png */; };
		BC408D561D2CAD7300D47CED /* fish_100028.png in Resources */ = {isa = PBXBuildFile; fileRef = BC408CB51D2CAD7300D47CED /* fish_100028.png */; };
		BC408D571D2CAD7300D47CED /* fish_100029.png in Resources */ = {isa = PBXBuildFile; fileRef = BC408CB61D2CAD7300D47CED /* fish_100029.png */; };
		BC408D581D2CAD7300D47CED /* fish_100030.png in Resources */ = {isa = PBXBuildFile; fileRef = BC408CB71D2CAD7300D47CED /* fish_100030.png */; };
		BC408D591D2CAD7300D47CED /* fish_100031.png in Resources */ = {isa = PBXBuildFile; fileRef = BC408CB81D2CAD7300D47CED /* fish_100031.png */; };
		BC408D5A1D2CAD7300D47CED /* fish_100032.png in Resources */ = {isa = PBXBuildFile; fileRef = BC408CB91D2CAD7300D47CED /* fish_100032.png */; };
		BC408D5B1D2CAD7300D47CED /* fish_100033.png in Resources */ = {isa = PBXBuildFile; fileRef = BC408CBA1D2CAD7300D47CED /* fish_100033.png */; };
		BC408D5C1D2CAD7300D47CED /* fish_100034.png in Resources */ = {isa = PBXBuildFile; fileRef = BC408CBB1D2CAD7300D47CED /* fish_100034.png */; };
		BC408D5D1D2CAD7300D47CED /* fish_100035.png in Resources */ = {isa = PBXBuildFile; fileRef = BC408CBC1D2CAD7300D47CED /* fish_100035.png */; };
		BC408D5E1D2CAD7300D47CED /* fish_100036.png in Resources */ = {isa = PBXBuildFile; fileRef = BC408CBD1D2CAD7300D47CED /* fish_100036.png */; };
		BC408D5F1D2CAD7300D47CED /* fish_100037.png in Resources */ = {isa = PBXBuildFile; fileRef = BC408CBE1D2CAD7300D47CED /* fish_100037.png */; };
		BC408D601D2CAD7300D47CED /* fish_100038.png in Resources */ = {isa = PBXBuildFile; fileRef = BC408CBF1D2CAD7300D47CED /* fish_100038.png */; };
		BC408D611D2CAD7300D47CED /* fish_100039.png in Resources */ = {isa = PBXBuildFile; fileRef = BC408CC01D2CAD7300D47CED /* fish_100039.png */; };
		BC408D621D2CAD7300D47CED /* fish_100040.png in Resources */ = {isa = PBXBuildFile; fileRef = BC408CC11D2CAD7300D47CED /* fish_100040.png */; };
		BC408D631D2CAD7300D47CED /* fish_100041.png in Resources */ = {isa = PBXBuildFile; fileRef = BC408CC21D2CAD7300D47CED /* fish_100041.png */; };
		BC408D641D2CAD7300D47CED /* fish_100042.png in Resources */ = {isa = PBXBuildFile; fileRef = BC408CC31D2CAD7300D47CED /* fish_100042.png */; };
		BC408D651D2CAD7300D47CED /* fish_100043.png in Resources */ = {isa = PBXBuildFile; fileRef = BC408CC41D2CAD7300D47CED /* fish_100043.png */; };
		BC408D661D2CAD7300D47CED /* fish_100044.png in Resources */ = {isa = PBXBuildFile; fileRef = BC408CC51D2CAD7300D47CED /* fish_100044.png */; };
		BC408D671D2CAD7300D47CED /* fish_100045.png in Resources */ = {isa = PBXBuildFile; fileRef = BC408CC61D2CAD7300D47CED /* fish_100045.png */; };
		BC408D681D2CAD7300D47CED /* fish_100046.png in Resources */ = {isa = PBXBuildFile; fileRef = BC408CC71D2CAD7300D47CED /* fish_100046.png */; };
		BC408D691D2CAD7300D47CED /* fish_100047.png in Resources */ = {isa = PBXBuildFile; fileRef = BC408CC81D2CAD7300D47CED /* fish_100047.png */; };
		BC408D6A1D2CAD7300D47CED /* fish_100048.png in Resources */ = {isa = PBXBuildFile; fileRef = BC408CC91D2CAD7300D47CED /* fish_100048.png */; };
		BC408D6B1D2CAD7300D47CED /* fish_100049.png in Resources */ = {isa = PBXBuildFile; fileRef = BC408CCA1D2CAD7300D47CED /* fish_100049.png */; };
		BC408D6C1D2CAD7300D47CED /* fish_100050.png in Resources */ = {isa = PBXBuildFile; fileRef = BC408CCB1D2CAD7300D47CED /* fish_100050.png */; };
		BC408D6D1D2CAD7300D47CED /* fish_100051.png in Resources */ = {isa = PBXBuildFile; fileRef = BC408CCC1D2CAD7300D47CED /* fish_100051.png */; };
		BC408D6E1D2CAD7300D47CED /* fish_100052.png in Resources */ = {isa = PBXBuildFile; fileRef = BC408CCD1D2CAD7300D47CED /* fish_100052.png */; };
		BC408D6F1D2CAD7300D47CED /* fish_100053.png in Resources */ = {isa = PBXBuildFile; fileRef = BC408CCE1D2CAD7300D47CED /* fish_100053.png */; };
		BC408D701D2CAD7300D47CED /* fish_100054.png in Resources */ = {isa = PBXBuildFile; fileRef = BC408CCF1D2CAD7300D47CED /* fish_100054.png */; };
		BC408D711D2CAD7300D47CED /* fish_100055.png in Resources */ = {isa = PBXBuildFile; fileRef = BC408CD01D2CAD7300D47CED /* fish_100055.png */; };
		BC408D721D2CAD7300D47CED /* fish_100056.png in Resources */ = {isa = PBXBuildFile; fileRef = BC408CD11D2CAD7300D47CED /* fish_100056.png */; };
		BC408D731D2CAD7300D47CED /* fish_100057.png in Resources */ = {isa = PBXBuildFile; fileRef = BC408CD21D2CAD7300D47CED /* fish_100057.png */; };
		BC408D741D2CAD7300D47CED /* fish_100058.png in Resources */ = {isa = PBXBuildFile; fileRef = BC408CD31D2CAD7300D47CED /* fish_100058.png */; };
		BC408D751D2CAD7300D47CED /* fish_100059.png in Resources */ = {isa = PBXBuildFile; fileRef = BC408CD41D2CAD7300D47CED /* fish_100059.png */; };
		BC408D761D2CAD7300D47CED /* fish_2_00000.png in Resources */ = {isa = PBXBuildFile; fileRef = BC408CD61D2CAD7300D47CED /* fish_2_00000.png */; };
		BC408D771D2CAD7300D47CED /* fish_2_00001.png in Resources */ = {isa = PBXBuildFile; fileRef = BC408CD71D2CAD7300D47CED /* fish_2_00001.png */; };
		BC408D781D2CAD7300D47CED /* fish_2_00002.png in Resources */ = {isa = PBXBuildFile; fileRef = BC408CD81D2CAD7300D47CED /* fish_2_00002.png */; };
		BC408D791D2CAD7300D47CED /* fish_2_00003.png in Resources */ = {isa = PBXBuildFile; fileRef = BC408CD91D2CAD7300D47CED /* fish_2_00003.png */; };
		BC408D7A1D2CAD7300D47CED /* fish_2_00004.png in Resources */ = {isa = PBXBuildFile; fileRef = BC408CDA1D2CAD7300D47CED /* fish_2_00004.png */; };
		BC408D7B1D2CAD7300D47CED /* fish_2_00005.png in Resources */ = {isa = PBXBuildFile; fileRef = BC408CDB1D2CAD7300D47CED /* fish_2_00005.png */; };
		BC408D7C1D2CAD7300D47CED /* fish_2_00006.png in Resources */ = {isa = PBXBuildFile; fileRef = BC408CDC1D2CAD7300D47CED /* fish_2_00006.png */; };
		BC408D7D1D2CAD7300D47CED /* fish_2_00007.png in Resources */ = {isa = PBXBuildFile; fileRef = BC408CDD1D2CAD7300D47CED /* fish_2_00007.png */; };
		BC408D7E1D2CAD7300D47CED /* fish_2_00008.png in Resources */ = {isa = PBXBuildFile; fileRef = BC408CDE1D2CAD7300D47CED /* fish_2_00008.png */; };
		BC408D7F1D2CAD7300D47CED /* fish_2_00009.png in Resources */ = {isa = PBXBuildFile; fileRef = BC408CDF1D2CAD7300D47CED /* fish_2_00009.png */; };
		BC408D801D2CAD7300D47CED /* fish_2_00010.png in Resources */ = {isa = PBXBuildFile; fileRef = BC408CE01D2CAD7300D47CED /* fish_2_00010.png */; };
		BC408D811D2CAD7300D47CED /* fish_2_00011.png in Resources */ = {isa = PBXBuildFile; fileRef = BC408CE11D2CAD7300D47CED /* fish_2_00011.png */; };
		BC408D821D2CAD7300D47CED /* fish_2_00012.png in Resources */ = {isa = PBXBuildFile; fileRef = BC408CE21D2CAD7300D47CED /* fish_2_00012.png */; };
		BC408D831D2CAD7300D47CED /* fish_2_00013.png in Resources */ = {isa = PBXBuildFile; fileRef = BC408CE31D2CAD7300D47CED /* fish_2_00013.png */; };
		BC408D841D2CAD7300D47CED /* fish_2_00014.png in Resources */ = {isa = PBXBuildFile; fileRef = BC408CE41D2CAD7300D47CED /* fish_2_00014.png */; };
		BC408D851D2CAD7300D47CED /* fish_2_00015.png in Resources */ = {isa = PBXBuildFile; fileRef = BC408CE51D2CAD7300D47CED /* fish_2_00015.png */; };
		BC408D861D2CAD7300D47CED /* fish_2_00016.png in Resources */ = {isa = PBXBuildFile; fileRef = BC408CE61D2CAD7300D47CED /* fish_2_00016.png */; };
		BC408D871D2CAD7300D47CED /* fish_2_00017.png in Resources */ = {isa = PBXBuildFile; fileRef = BC408CE71D2CAD7300D47CED /* fish_2_00017.png */; };
		BC408D881D2CAD7300D47CED /* fish_2_00018.png in Resources */ = {isa = PBXBuildFile; fileRef = BC408CE81D2CAD7300D47CED /* fish_2_00018.png */; };
		BC408D891D2CAD7300D47CED /* fish_2_00019.png in Resources */ = {isa = PBXBuildFile; fileRef = BC408CE91D2CAD7300D47CED /* fish_2_00019.png */; };
		BC408D8A1D2CAD7300D47CED /* fish_2_00020.png in Resources */ = {isa = PBXBuildFile; fileRef = BC408CEA1D2CAD7300D47CED /* fish_2_00020.png */; };
		BC408D8B1D2CAD7300D47CED /* fish_2_00021.png in Resources */ = {isa = PBXBuildFile; fileRef = BC408CEB1D2CAD7300D47CED /* fish_2_00021.png */; };
		BC408D8C1D2CAD7300D47CED /* fish_2_00022.png in Resources */ = {isa = PBXBuildFile; fileRef = BC408CEC1D2CAD7300D47CED /* fish_2_00022.png */; };
		BC408D8D1D2CAD7300D47CED /* fish_2_00023.png in Resources */ = {isa = PBXBuildFile; fileRef = BC408CED1D2CAD7300D47CED /* fish_2_00023.png */; };
		BC408D8E1D2CAD7300D47CED /* fish_2_00024.png in Resources */ = {isa = PBXBuildFile; fileRef = BC408CEE1D2CAD7300D47CED /* fish_2_00024.png */; };
		BC408D8F1D2CAD7300D47CED /* fish_2_00025.png in Resources */ = {isa = PBXBuildFile; fileRef = BC408CEF1D2CAD7300D47CED /* fish_2_00025.png */; };
		BC408D901D2CAD7300D47CED /* fish_2_00026.png in Resources */ = {isa = PBXBuildFile; fileRef = BC408CF01D2CAD7300D47CED /* fish_2_00026.png */; };
		BC408D911D2CAD7300D47CED /* fish_2_00027.png in Resources */ = {isa = PBXBuildFile; fileRef = BC408CF11D2CAD7300D47CED /* fish_2_00027.png */; };
		BC408D921D2CAD7300D47CED /* fish_2_00028.png in Resources */ = {isa = PBXBuildFile; fileRef = BC408CF21D2CAD7300D47CED /* fish_2_00028.png */; };
		BC408D931D2CAD7300D47CED /* fish_2_00029.png in Resources */ = {isa = PBXBuildFile; fileRef = BC408CF31D2CAD7300D47CED /* fish_2_00029.png */; };
		BC408D941D2CAD7300D47CED /* fish_2_00030.png in Resources */ = {isa = PBXBuildFile; fileRef = BC408CF41D2CAD7300D47CED /* fish_2_00030.png */; };
		BC408D951D2CAD7300D47CED /* fish_2_00031.png in Resources */ = {isa = PBXBuildFile; fileRef = BC408CF51D2CAD7300D47CED /* fish_2_00031.png */; };
		BC408D961D2CAD7300D47CED /* fish_2_00032.png in Resources */ = {isa = PBXBuildFile; fileRef = BC408CF61D2CAD7300D47CED /* fish_2_00032.png */; };
		BC408D971D2CAD7300D47CED /* fish_2_00033.png in Resources */ = {isa = PBXBuildFile; fileRef = BC408CF71D2CAD7300D47CED /* fish_2_00033.png */; };
		BC408D981D2CAD7300D47CED /* fish_2_00034.png in Resources */ = {isa = PBXBuildFile; fileRef = BC408CF81D2CAD7300D47CED /* fish_2_00034.png */; };
		BC408D991D2CAD7300D47CED /* fish_2_00035.png in Resources */ = {isa = PBXBuildFile; fileRef = BC408CF91D2CAD7300D47CED /* fish_2_00035.png */; };
		BC408D9A1D2CAD7300D47CED /* fish_2_00036.png in Resources */ = {isa = PBXBuildFile; fileRef = BC408CFA1D2CAD7300D47CED /* fish_2_00036.png */; };
		BC408D9B1D2CAD7300D47CED /* fish_2_00037.png in Resources */ = {isa = PBXBuildFile; fileRef = BC408CFB1D2CAD7300D47CED /* fish_2_00037.png */; };
		BC408D9C1D2CAD7300D47CED /* fish_2_00038.png in Resources */ = {isa = PBXBuildFile; fileRef = BC408CFC1D2CAD7300D47CED /* fish_2_00038.png */; };
		BC408D9D1D2CAD7300D47CED /* fish_2_00039.png in Resources */ = {isa = PBXBuildFile; fileRef = BC408CFD1D2CAD7300D47CED /* fish_2_00039.png */; };
		BC408D9E1D2CAD7300D47CED /* fish_2_00040.png in Resources */ = {isa = PBXBuildFile; fileRef = BC408CFE1D2CAD7300D47CED /* fish_2_00040.png */; };
		BC408D9F1D2CAD7300D47CED /* fish_2_00041.png in Resources */ = {isa = PBXBuildFile; fileRef = BC408CFF1D2CAD7300D47CED /* fish_2_00041.png */; };
		BC408DA01D2CAD7300D47CED /* fish_2_00042.png in Resources */ = {isa = PBXBuildFile; fileRef = BC408D001D2CAD7300D47CED /* fish_2_00042.png */; };
		BC408DA11D2CAD7300D47CED /* fish_2_00043.png in Resources */ = {isa = PBXBuildFile; fileRef = BC408D011D2CAD7300D47CED /* fish_2_00043.png */; };
		BC408DA21D2CAD7300D47CED /* fish_2_00044.png in Resources */ = {isa = PBXBuildFile; fileRef = BC408D021D2CAD7300D47CED /* fish_2_00044.png */; };
		BC408DA31D2CAD7300D47CED /* fish_2_00045.png in Resources */ = {isa = PBXBuildFile; fileRef = BC408D031D2CAD7300D47CED /* fish_2_00045.png */; };
		BC408DA41D2CAD7300D47CED /* fish_2_00046.png in Resources */ = {isa = PBXBuildFile; fileRef = BC408D041D2CAD7300D47CED /* fish_2_00046.png */; };
		BC408DA51D2CAD7300D47CED /* fish_2_00047.png in Resources */ = {isa = PBXBuildFile; fileRef = BC408D051D2CAD7300D47CED /* fish_2_00047.png */; };
		BC408DA61D2CAD7300D47CED /* fish_2_00048.png in Resources */ = {isa = PBXBuildFile; fileRef = BC408D061D2CAD7300D47CED /* fish_2_00048.png */; };
		BC408DA71D2CAD7300D47CED /* fish_2_00049.png in Resources */ = {isa = PBXBuildFile; fileRef = BC408D071D2CAD7300D47CED /* fish_2_00049.png */; };
		BC408DA81D2CAD7300D47CED /* fish_2_00050.png in Resources */ = {isa = PBXBuildFile; fileRef = BC408D081D2CAD7300D47CED /* fish_2_00050.png */; };
		BC408DA91D2CAD7300D47CED /* fish_2_00051.png in Resources */ = {isa = PBXBuildFile; fileRef = BC408D091D2CAD7300D47CED /* fish_2_00051.png */; };
		BC408DAA1D2CAD7300D47CED /* fish_2_00052.png in Resources */ = {isa = PBXBuildFile; fileRef = BC408D0A1D2CAD7300D47CED /* fish_2_00052.png */; };
		BC408DAB1D2CAD7300D47CED /* fish_2_00053.png in Resources */ = {isa = PBXBuildFile; fileRef = BC408D0B1D2CAD7300D47CED /* fish_2_00053.png */; };
		BC408DAC1D2CAD7300D47CED /* fish_2_00054.png in Resources */ = {isa = PBXBuildFile; fileRef = BC408D0C1D2CAD7300D47CED /* fish_2_00054.png */; };
		BC408DAD1D2CAD7300D47CED /* fish_2_00055.png in Resources */ = {isa = PBXBuildFile; fileRef = BC408D0D1D2CAD7300D47CED /* fish_2_00055.png */; };
		BC408DAE1D2CAD7300D47CED /* fish_2_00056.png in Resources */ = {isa = PBXBuildFile; fileRef = BC408D0E1D2CAD7300D47CED /* fish_2_00056.png */; };
		BC408DAF1D2CAD7300D47CED /* fish_2_00057.png in Resources */ = {isa = PBXBuildFile; fileRef = BC408D0F1D2CAD7300D47CED /* fish_2_00057.png */; };
		BC408DB01D2CAD7300D47CED /* fish_2_00058.png in Resources */ = {isa = PBXBuildFile; fileRef = BC408D101D2CAD7300D47CED /* fish_2_00058.png */; };
		BC408DB11D2CAD7300D47CED /* fish_2_00059.png in Resources */ = {isa = PBXBuildFile; fileRef = BC408D111D2CAD7300D47CED /* fish_2_00059.png */; };
		BC408DB21D2CAD7300D47CED /* Fish.sks in Resources */ = {isa = PBXBuildFile; fileRef = BC408D121D2CAD7300D47CED /* Fish.sks */; };
		BC408DB31D2CAD7300D47CED /* Food.sks in Resources */ = {isa = PBXBuildFile; fileRef = BC408D131D2CAD7300D47CED /* Food.sks */; };
		BC408DB41D2CAD7300D47CED /* plant_00000.png in Resources */ = {isa = PBXBuildFile; fileRef = BC408D151D2CAD7300D47CED /* plant_00000.png */; };
		BC408DB51D2CAD7300D47CED /* PondScene.sks in Resources */ = {isa = PBXBuildFile; fileRef = BC408D161D2CAD7300D47CED /* PondScene.sks */; };
		BC408DB61D2CAD7300D47CED /* ripple_00000.png in Resources */ = {isa = PBXBuildFile; fileRef = BC408D181D2CAD7300D47CED /* ripple_00000.png */; };
		BC408DB71D2CAD7300D47CED /* ripple_00001.png in Resources */ = {isa = PBXBuildFile; fileRef = BC408D191D2CAD7300D47CED /* ripple_00001.png */; };
		BC408DB81D2CAD7300D47CED /* ripple_00002.png in Resources */ = {isa = PBXBuildFile; fileRef = BC408D1A1D2CAD7300D47CED /* ripple_00002.png */; };
		BC408DB91D2CAD7300D47CED /* ripple_00003.png in Resources */ = {isa = PBXBuildFile; fileRef = BC408D1B1D2CAD7300D47CED /* ripple_00003.png */; };
		BC408DBA1D2CAD7300D47CED /* ripple_00004.png in Resources */ = {isa = PBXBuildFile; fileRef = BC408D1C1D2CAD7300D47CED /* ripple_00004.png */; };
		BC408DBB1D2CAD7300D47CED /* ripple_00005.png in Resources */ = {isa = PBXBuildFile; fileRef = BC408D1D1D2CAD7300D47CED /* ripple_00005.png */; };
		BC408DBC1D2CAD7300D47CED /* ripple_00006.png in Resources */ = {isa = PBXBuildFile; fileRef = BC408D1E1D2CAD7300D47CED /* ripple_00006.png */; };
		BC408DBD1D2CAD7300D47CED /* ripple_00007.png in Resources */ = {isa = PBXBuildFile; fileRef = BC408D1F1D2CAD7300D47CED /* ripple_00007.png */; };
		BC408DBE1D2CAD7300D47CED /* ripple_00008.png in Resources */ = {isa = PBXBuildFile; fileRef = BC408D201D2CAD7300D47CED /* ripple_00008.png */; };
		BC408DBF1D2CAD7300D47CED /* ripple_00009.png in Resources */ = {isa = PBXBuildFile; fileRef = BC408D211D2CAD7300D47CED /* ripple_00009.png */; };
		BC408DC01D2CAD7300D47CED /* ripple_00010.png in Resources */ = {isa = PBXBuildFile; fileRef = BC408D221D2CAD7300D47CED /* ripple_00010.png */; };
		BC408DC11D2CAD7300D47CED /* ripple_00011.png in Resources */ = {isa = PBXBuildFile; fileRef = BC408D231D2CAD7300D47CED /* ripple_00011.png */; };
		BC408DC21D2CAD7300D47CED /* ripple_00012.png in Resources */ = {isa = PBXBuildFile; fileRef = BC408D241D2CAD7300D47CED /* ripple_00012.png */; };
		BC408DC31D2CAD7300D47CED /* ripple_00013.png in Resources */ = {isa = PBXBuildFile; fileRef = BC408D251D2CAD7300D47CED /* ripple_00013.png */; };
		BC408DC41D2CAD7300D47CED /* ripple_00014.png in Resources */ = {isa = PBXBuildFile; fileRef = BC408D261D2CAD7300D47CED /* ripple_00014.png */; };
		BC408DC51D2CAD7300D47CED /* ripple_00015.png in Resources */ = {isa = PBXBuildFile; fileRef = BC408D271D2CAD7300D47CED /* ripple_00015.png */; };
		BC408DC61D2CAD7300D47CED /* ripple_00016.png in Resources */ = {isa = PBXBuildFile; fileRef = BC408D281D2CAD7300D47CED /* ripple_00016.png */; };
		BC408DC71D2CAD7300D47CED /* ripple_00017.png in Resources */ = {isa = PBXBuildFile; fileRef = BC408D291D2CAD7300D47CED /* ripple_00017.png */; };
		BC408DC81D2CAD7300D47CED /* ripple_00018.png in Resources */ = {isa = PBXBuildFile; fileRef = BC408D2A1D2CAD7300D47CED /* ripple_00018.png */; };
		BC408DC91D2CAD7300D47CED /* ripple_00019.png in Resources */ = {isa = PBXBuildFile; fileRef = BC408D2B1D2CAD7300D47CED /* ripple_00019.png */; };
		BC408DCA1D2CAD7300D47CED /* ripple_00020.png in Resources */ = {isa = PBXBuildFile; fileRef = BC408D2C1D2CAD7300D47CED /* ripple_00020.png */; };
		BC408DCB1D2CAD7300D47CED /* ripple_00021.png in Resources */ = {isa = PBXBuildFile; fileRef = BC408D2D1D2CAD7300D47CED /* ripple_00021.png */; };
		BC408DCC1D2CAD7300D47CED /* ripple_00022.png in Resources */ = {isa = PBXBuildFile; fileRef = BC408D2E1D2CAD7300D47CED /* ripple_00022.png */; };
		BC408DCD1D2CAD7300D47CED /* ripple_00023.png in Resources */ = {isa = PBXBuildFile; fileRef = BC408D2F1D2CAD7300D47CED /* ripple_00023.png */; };
		BC408DCE1D2CAD7300D47CED /* ripple_00024.png in Resources */ = {isa = PBXBuildFile; fileRef = BC408D301D2CAD7300D47CED /* ripple_00024.png */; };
		BC408DCF1D2CAD7300D47CED /* ripple_00025.png in Resources */ = {isa = PBXBuildFile; fileRef = BC408D311D2CAD7300D47CED /* ripple_00025.png */; };
		BC408DD01D2CAD7300D47CED /* ripple_00026.png in Resources */ = {isa = PBXBuildFile; fileRef = BC408D321D2CAD7300D47CED /* ripple_00026.png */; };
		BC408DD11D2CAD7300D47CED /* ripple_00027.png in Resources */ = {isa = PBXBuildFile; fileRef = BC408D331D2CAD7300D47CED /* ripple_00027.png */; };
		BC408DD21D2CAD7300D47CED /* ripple_00028.png in Resources */ = {isa = PBXBuildFile; fileRef = BC408D341D2CAD7300D47CED /* ripple_00028.png */; };
		BC408DD31D2CAD7300D47CED /* ripple_00029.png in Resources */ = {isa = PBXBuildFile; fileRef = BC408D351D2CAD7300D47CED /* ripple_00029.png */; };
		BC408DD41D2CAD7300D47CED /* Ripple.sks in Resources */ = {isa = PBXBuildFile; fileRef = BC408D361D2CAD7300D47CED /* Ripple.sks */; };
		BC408DD51D2CAD7300D47CED /* spark.png in Resources */ = {isa = PBXBuildFile; fileRef = BC408D371D2CAD7300D47CED /* spark.png */; };
		BC408DD61D2CAD7300D47CED /* water_2_00000.png in Resources */ = {isa = PBXBuildFile; fileRef = BC408D391D2CAD7300D47CED /* water_2_00000.png */; };
		BC499C461D23943000D656D0 /* Fish.swift in Sources */ = {isa = PBXBuildFile; fileRef = BC499C451D23943000D656D0 /* Fish.swift */; };
		BC668D7F1D2398C100C180C0 /* CGFloat+Extensions.swift in Sources */ = {isa = PBXBuildFile; fileRef = BC668D721D2398C100C180C0 /* CGFloat+Extensions.swift */; };
		BC668D801D2398C100C180C0 /* CGPoint+Extensions.swift in Sources */ = {isa = PBXBuildFile; fileRef = BC668D731D2398C100C180C0 /* CGPoint+Extensions.swift */; };
		BC668D811D2398C100C180C0 /* CGVector+Extensions.swift in Sources */ = {isa = PBXBuildFile; fileRef = BC668D741D2398C100C180C0 /* CGVector+Extensions.swift */; };
		BC668D821D2398C100C180C0 /* Int+Extensions.swift in Sources */ = {isa = PBXBuildFile; fileRef = BC668D751D2398C100C180C0 /* Int+Extensions.swift */; };
		BC668D831D2398C100C180C0 /* LICENSE.txt in Resources */ = {isa = PBXBuildFile; fileRef = BC668D761D2398C100C180C0 /* LICENSE.txt */; };
		BC668D841D2398C100C180C0 /* SKAction+Extensions.swift in Sources */ = {isa = PBXBuildFile; fileRef = BC668D771D2398C100C180C0 /* SKAction+Extensions.swift */; };
		BC668D851D2398C100C180C0 /* SKAction+SpecialEffects.swift in Sources */ = {isa = PBXBuildFile; fileRef = BC668D781D2398C100C180C0 /* SKAction+SpecialEffects.swift */; };
		BC668D861D2398C100C180C0 /* SKColor+Extensions.swift in Sources */ = {isa = PBXBuildFile; fileRef = BC668D791D2398C100C180C0 /* SKColor+Extensions.swift */; };
		BC668D871D2398C100C180C0 /* SKNode+Extensions.swift in Sources */ = {isa = PBXBuildFile; fileRef = BC668D7A1D2398C100C180C0 /* SKNode+Extensions.swift */; };
		BC668D881D2398C100C180C0 /* SKTAudio.swift in Sources */ = {isa = PBXBuildFile; fileRef = BC668D7B1D2398C100C180C0 /* SKTAudio.swift */; };
		BC668D891D2398C100C180C0 /* SKTEffects.swift in Sources */ = {isa = PBXBuildFile; fileRef = BC668D7C1D2398C100C180C0 /* SKTEffects.swift */; };
		BC668D8A1D2398C100C180C0 /* SKTTimingFunctions.swift in Sources */ = {isa = PBXBuildFile; fileRef = BC668D7D1D2398C100C180C0 /* SKTTimingFunctions.swift */; };
		BC668D8B1D2398C100C180C0 /* Vector3.swift in Sources */ = {isa = PBXBuildFile; fileRef = BC668D7E1D2398C100C180C0 /* Vector3.swift */; };
		BCA010BB1D2387DB0016AD85 /* AppDelegate.swift in Sources */ = {isa = PBXBuildFile; fileRef = BCA010BA1D2387DB0016AD85 /* AppDelegate.swift */; };
		BCA010BF1D2387DB0016AD85 /* PondScene.swift in Sources */ = {isa = PBXBuildFile; fileRef = BCA010BE1D2387DB0016AD85 /* PondScene.swift */; };
		BCA010C11D2387DB0016AD85 /* GameViewController.swift in Sources */ = {isa = PBXBuildFile; fileRef = BCA010C01D2387DB0016AD85 /* GameViewController.swift */; };
		BCA010C41D2387DB0016AD85 /* Main.storyboard in Resources */ = {isa = PBXBuildFile; fileRef = BCA010C21D2387DB0016AD85 /* Main.storyboard */; };
		BCA010C61D2387DB0016AD85 /* Assets.xcassets in Resources */ = {isa = PBXBuildFile; fileRef = BCA010C51D2387DB0016AD85 /* Assets.xcassets */; };
		BCA010C91D2387DB0016AD85 /* LaunchScreen.storyboard in Resources */ = {isa = PBXBuildFile; fileRef = BCA010C71D2387DB0016AD85 /* LaunchScreen.storyboard */; };
/* End PBXBuildFile section */

/* Begin PBXFileReference section */
		BC408C991D2CAD7300D47CED /* fish_100000.png */ = {isa = PBXFileReference; lastKnownFileType = image.png; path = fish_100000.png; sourceTree = "<group>"; };
		BC408C9A1D2CAD7300D47CED /* fish_100001.png */ = {isa = PBXFileReference; lastKnownFileType = image.png; path = fish_100001.png; sourceTree = "<group>"; };
		BC408C9B1D2CAD7300D47CED /* fish_100002.png */ = {isa = PBXFileReference; lastKnownFileType = image.png; path = fish_100002.png; sourceTree = "<group>"; };
		BC408C9C1D2CAD7300D47CED /* fish_100003.png */ = {isa = PBXFileReference; lastKnownFileType = image.png; path = fish_100003.png; sourceTree = "<group>"; };
		BC408C9D1D2CAD7300D47CED /* fish_100004.png */ = {isa = PBXFileReference; lastKnownFileType = image.png; path = fish_100004.png; sourceTree = "<group>"; };
		BC408C9E1D2CAD7300D47CED /* fish_100005.png */ = {isa = PBXFileReference; lastKnownFileType = image.png; path = fish_100005.png; sourceTree = "<group>"; };
		BC408C9F1D2CAD7300D47CED /* fish_100006.png */ = {isa = PBXFileReference; lastKnownFileType = image.png; path = fish_100006.png; sourceTree = "<group>"; };
		BC408CA01D2CAD7300D47CED /* fish_100007.png */ = {isa = PBXFileReference; lastKnownFileType = image.png; path = fish_100007.png; sourceTree = "<group>"; };
		BC408CA11D2CAD7300D47CED /* fish_100008.png */ = {isa = PBXFileReference; lastKnownFileType = image.png; path = fish_100008.png; sourceTree = "<group>"; };
		BC408CA21D2CAD7300D47CED /* fish_100009.png */ = {isa = PBXFileReference; lastKnownFileType = image.png; path = fish_100009.png; sourceTree = "<group>"; };
		BC408CA31D2CAD7300D47CED /* fish_100010.png */ = {isa = PBXFileReference; lastKnownFileType = image.png; path = fish_100010.png; sourceTree = "<group>"; };
		BC408CA41D2CAD7300D47CED /* fish_100011.png */ = {isa = PBXFileReference; lastKnownFileType = image.png; path = fish_100011.png; sourceTree = "<group>"; };
		BC408CA51D2CAD7300D47CED /* fish_100012.png */ = {isa = PBXFileReference; lastKnownFileType = image.png; path = fish_100012.png; sourceTree = "<group>"; };
		BC408CA61D2CAD7300D47CED /* fish_100013.png */ = {isa = PBXFileReference; lastKnownFileType = image.png; path = fish_100013.png; sourceTree = "<group>"; };
		BC408CA71D2CAD7300D47CED /* fish_100014.png */ = {isa = PBXFileReference; lastKnownFileType = image.png; path = fish_100014.png; sourceTree = "<group>"; };
		BC408CA81D2CAD7300D47CED /* fish_100015.png */ = {isa = PBXFileReference; lastKnownFileType = image.png; path = fish_100015.png; sourceTree = "<group>"; };
		BC408CA91D2CAD7300D47CED /* fish_100016.png */ = {isa = PBXFileReference; lastKnownFileType = image.png; path = fish_100016.png; sourceTree = "<group>"; };
		BC408CAA1D2CAD7300D47CED /* fish_100017.png */ = {isa = PBXFileReference; lastKnownFileType = image.png; path = fish_100017.png; sourceTree = "<group>"; };
		BC408CAB1D2CAD7300D47CED /* fish_100018.png */ = {isa = PBXFileReference; lastKnownFileType = image.png; path = fish_100018.png; sourceTree = "<group>"; };
		BC408CAC1D2CAD7300D47CED /* fish_100019.png */ = {isa = PBXFileReference; lastKnownFileType = image.png; path = fish_100019.png; sourceTree = "<group>"; };
		BC408CAD1D2CAD7300D47CED /* fish_100020.png */ = {isa = PBXFileReference; lastKnownFileType = image.png; path = fish_100020.png; sourceTree = "<group>"; };
		BC408CAE1D2CAD7300D47CED /* fish_100021.png */ = {isa = PBXFileReference; lastKnownFileType = image.png; path = fish_100021.png; sourceTree = "<group>"; };
		BC408CAF1D2CAD7300D47CED /* fish_100022.png */ = {isa = PBXFileReference; lastKnownFileType = image.png; path = fish_100022.png; sourceTree = "<group>"; };
		BC408CB01D2CAD7300D47CED /* fish_100023.png */ = {isa = PBXFileReference; lastKnownFileType = image.png; path = fish_100023.png; sourceTree = "<group>"; };
		BC408CB11D2CAD7300D47CED /* fish_100024.png */ = {isa = PBXFileReference; lastKnownFileType = image.png; path = fish_100024.png; sourceTree = "<group>"; };
		BC408CB21D2CAD7300D47CED /* fish_100025.png */ = {isa = PBXFileReference; lastKnownFileType = image.png; path = fish_100025.png; sourceTree = "<group>"; };
		BC408CB31D2CAD7300D47CED /* fish_100026.png */ = {isa = PBXFileReference; lastKnownFileType = image.png; path = fish_100026.png; sourceTree = "<group>"; };
		BC408CB41D2CAD7300D47CED /* fish_100027.png */ = {isa = PBXFileReference; lastKnownFileType = image.png; path = fish_100027.png; sourceTree = "<group>"; };
		BC408CB51D2CAD7300D47CED /* fish_100028.png */ = {isa = PBXFileReference; lastKnownFileType = image.png; path = fish_100028.png; sourceTree = "<group>"; };
		BC408CB61D2CAD7300D47CED /* fish_100029.png */ = {isa = PBXFileReference; lastKnownFileType = image.png; path = fish_100029.png; sourceTree = "<group>"; };
		BC408CB71D2CAD7300D47CED /* fish_100030.png */ = {isa = PBXFileReference; lastKnownFileType = image.png; path = fish_100030.png; sourceTree = "<group>"; };
		BC408CB81D2CAD7300D47CED /* fish_100031.png */ = {isa = PBXFileReference; lastKnownFileType = image.png; path = fish_100031.png; sourceTree = "<group>"; };
		BC408CB91D2CAD7300D47CED /* fish_100032.png */ = {isa = PBXFileReference; lastKnownFileType = image.png; path = fish_100032.png; sourceTree = "<group>"; };
		BC408CBA1D2CAD7300D47CED /* fish_100033.png */ = {isa = PBXFileReference; lastKnownFileType = image.png; path = fish_100033.png; sourceTree = "<group>"; };
		BC408CBB1D2CAD7300D47CED /* fish_100034.png */ = {isa = PBXFileReference; lastKnownFileType = image.png; path = fish_100034.png; sourceTree = "<group>"; };
		BC408CBC1D2CAD7300D47CED /* fish_100035.png */ = {isa = PBXFileReference; lastKnownFileType = image.png; path = fish_100035.png; sourceTree = "<group>"; };
		BC408CBD1D2CAD7300D47CED /* fish_100036.png */ = {isa = PBXFileReference; lastKnownFileType = image.png; path = fish_100036.png; sourceTree = "<group>"; };
		BC408CBE1D2CAD7300D47CED /* fish_100037.png */ = {isa = PBXFileReference; lastKnownFileType = image.png; path = fish_100037.png; sourceTree = "<group>"; };
		BC408CBF1D2CAD7300D47CED /* fish_100038.png */ = {isa = PBXFileReference; lastKnownFileType = image.png; path = fish_100038.png; sourceTree = "<group>"; };
		BC408CC01D2CAD7300D47CED /* fish_100039.png */ = {isa = PBXFileReference; lastKnownFileType = image.png; path = fish_100039.png; sourceTree = "<group>"; };
		BC408CC11D2CAD7300D47CED /* fish_100040.png */ = {isa = PBXFileReference; lastKnownFileType = image.png; path = fish_100040.png; sourceTree = "<group>"; };
		BC408CC21D2CAD7300D47CED /* fish_100041.png */ = {isa = PBXFileReference; lastKnownFileType = image.png; path = fish_100041.png; sourceTree = "<group>"; };
		BC408CC31D2CAD7300D47CED /* fish_100042.png */ = {isa = PBXFileReference; lastKnownFileType = image.png; path = fish_100042.png; sourceTree = "<group>"; };
		BC408CC41D2CAD7300D47CED /* fish_100043.png */ = {isa = PBXFileReference; lastKnownFileType = image.png; path = fish_100043.png; sourceTree = "<group>"; };
		BC408CC51D2CAD7300D47CED /* fish_100044.png */ = {isa = PBXFileReference; lastKnownFileType = image.png; path = fish_100044.png; sourceTree = "<group>"; };
		BC408CC61D2CAD7300D47CED /* fish_100045.png */ = {isa = PBXFileReference; lastKnownFileType = image.png; path = fish_100045.png; sourceTree = "<group>"; };
		BC408CC71D2CAD7300D47CED /* fish_100046.png */ = {isa = PBXFileReference; lastKnownFileType = image.png; path = fish_100046.png; sourceTree = "<group>"; };
		BC408CC81D2CAD7300D47CED /* fish_100047.png */ = {isa = PBXFileReference; lastKnownFileType = image.png; path = fish_100047.png; sourceTree = "<group>"; };
		BC408CC91D2CAD7300D47CED /* fish_100048.png */ = {isa = PBXFileReference; lastKnownFileType = image.png; path = fish_100048.png; sourceTree = "<group>"; };
		BC408CCA1D2CAD7300D47CED /* fish_100049.png */ = {isa = PBXFileReference; lastKnownFileType = image.png; path = fish_100049.png; sourceTree = "<group>"; };
		BC408CCB1D2CAD7300D47CED /* fish_100050.png */ = {isa = PBXFileReference; lastKnownFileType = image.png; path = fish_100050.png; sourceTree = "<group>"; };
		BC408CCC1D2CAD7300D47CED /* fish_100051.png */ = {isa = PBXFileReference; lastKnownFileType = image.png; path = fish_100051.png; sourceTree = "<group>"; };
		BC408CCD1D2CAD7300D47CED /* fish_100052.png */ = {isa = PBXFileReference; lastKnownFileType = image.png; path = fish_100052.png; sourceTree = "<group>"; };
		BC408CCE1D2CAD7300D47CED /* fish_100053.png */ = {isa = PBXFileReference; lastKnownFileType = image.png; path = fish_100053.png; sourceTree = "<group>"; };
		BC408CCF1D2CAD7300D47CED /* fish_100054.png */ = {isa = PBXFileReference; lastKnownFileType = image.png; path = fish_100054.png; sourceTree = "<group>"; };
		BC408CD01D2CAD7300D47CED /* fish_100055.png */ = {isa = PBXFileReference; lastKnownFileType = image.png; path = fish_100055.png; sourceTree = "<group>"; };
		BC408CD11D2CAD7300D47CED /* fish_100056.png */ = {isa = PBXFileReference; lastKnownFileType = image.png; path = fish_100056.png; sourceTree = "<group>"; };
		BC408CD21D2CAD7300D47CED /* fish_100057.png */ = {isa = PBXFileReference; lastKnownFileType = image.png; path = fish_100057.png; sourceTree = "<group>"; };
		BC408CD31D2CAD7300D47CED /* fish_100058.png */ = {isa = PBXFileReference; lastKnownFileType = image.png; path = fish_100058.png; sourceTree = "<group>"; };
		BC408CD41D2CAD7300D47CED /* fish_100059.png */ = {isa = PBXFileReference; lastKnownFileType = image.png; path = fish_100059.png; sourceTree = "<group>"; };
		BC408CD61D2CAD7300D47CED /* fish_2_00000.png */ = {isa = PBXFileReference; lastKnownFileType = image.png; path = fish_2_00000.png; sourceTree = "<group>"; };
		BC408CD71D2CAD7300D47CED /* fish_2_00001.png */ = {isa = PBXFileReference; lastKnownFileType = image.png; path = fish_2_00001.png; sourceTree = "<group>"; };
		BC408CD81D2CAD7300D47CED /* fish_2_00002.png */ = {isa = PBXFileReference; lastKnownFileType = image.png; path = fish_2_00002.png; sourceTree = "<group>"; };
		BC408CD91D2CAD7300D47CED /* fish_2_00003.png */ = {isa = PBXFileReference; lastKnownFileType = image.png; path = fish_2_00003.png; sourceTree = "<group>"; };
		BC408CDA1D2CAD7300D47CED /* fish_2_00004.png */ = {isa = PBXFileReference; lastKnownFileType = image.png; path = fish_2_00004.png; sourceTree = "<group>"; };
		BC408CDB1D2CAD7300D47CED /* fish_2_00005.png */ = {isa = PBXFileReference; lastKnownFileType = image.png; path = fish_2_00005.png; sourceTree = "<group>"; };
		BC408CDC1D2CAD7300D47CED /* fish_2_00006.png */ = {isa = PBXFileReference; lastKnownFileType = image.png; path = fish_2_00006.png; sourceTree = "<group>"; };
		BC408CDD1D2CAD7300D47CED /* fish_2_00007.png */ = {isa = PBXFileReference; lastKnownFileType = image.png; path = fish_2_00007.png; sourceTree = "<group>"; };
		BC408CDE1D2CAD7300D47CED /* fish_2_00008.png */ = {isa = PBXFileReference; lastKnownFileType = image.png; path = fish_2_00008.png; sourceTree = "<group>"; };
		BC408CDF1D2CAD7300D47CED /* fish_2_00009.png */ = {isa = PBXFileReference; lastKnownFileType = image.png; path = fish_2_00009.png; sourceTree = "<group>"; };
		BC408CE01D2CAD7300D47CED /* fish_2_00010.png */ = {isa = PBXFileReference; lastKnownFileType = image.png; path = fish_2_00010.png; sourceTree = "<group>"; };
		BC408CE11D2CAD7300D47CED /* fish_2_00011.png */ = {isa = PBXFileReference; lastKnownFileType = image.png; path = fish_2_00011.png; sourceTree = "<group>"; };
		BC408CE21D2CAD7300D47CED /* fish_2_00012.png */ = {isa = PBXFileReference; lastKnownFileType = image.png; path = fish_2_00012.png; sourceTree = "<group>"; };
		BC408CE31D2CAD7300D47CED /* fish_2_00013.png */ = {isa = PBXFileReference; lastKnownFileType = image.png; path = fish_2_00013.png; sourceTree = "<group>"; };
		BC408CE41D2CAD7300D47CED /* fish_2_00014.png */ = {isa = PBXFileReference; lastKnownFileType = image.png; path = fish_2_00014.png; sourceTree = "<group>"; };
		BC408CE51D2CAD7300D47CED /* fish_2_00015.png */ = {isa = PBXFileReference; lastKnownFileType = image.png; path = fish_2_00015.png; sourceTree = "<group>"; };
		BC408CE61D2CAD7300D47CED /* fish_2_00016.png */ = {isa = PBXFileReference; lastKnownFileType = image.png; path = fish_2_00016.png; sourceTree = "<group>"; };
		BC408CE71D2CAD7300D47CED /* fish_2_00017.png */ = {isa = PBXFileReference; lastKnownFileType = image.png; path = fish_2_00017.png; sourceTree = "<group>"; };
		BC408CE81D2CAD7300D47CED /* fish_2_00018.png */ = {isa = PBXFileReference; lastKnownFileType = image.png; path = fish_2_00018.png; sourceTree = "<group>"; };
		BC408CE91D2CAD7300D47CED /* fish_2_00019.png */ = {isa = PBXFileReference; lastKnownFileType = image.png; path = fish_2_00019.png; sourceTree = "<group>"; };
		BC408CEA1D2CAD7300D47CED /* fish_2_00020.png */ = {isa = PBXFileReference; lastKnownFileType = image.png; path = fish_2_00020.png; sourceTree = "<group>"; };
		BC408CEB1D2CAD7300D47CED /* fish_2_00021.png */ = {isa = PBXFileReference; lastKnownFileType = image.png; path = fish_2_00021.png; sourceTree = "<group>"; };
		BC408CEC1D2CAD7300D47CED /* fish_2_00022.png */ = {isa = PBXFileReference; lastKnownFileType = image.png; path = fish_2_00022.png; sourceTree = "<group>"; };
		BC408CED1D2CAD7300D47CED /* fish_2_00023.png */ = {isa = PBXFileReference; lastKnownFileType = image.png; path = fish_2_00023.png; sourceTree = "<group>"; };
		BC408CEE1D2CAD7300D47CED /* fish_2_00024.png */ = {isa = PBXFileReference; lastKnownFileType = image.png; path = fish_2_00024.png; sourceTree = "<group>"; };
		BC408CEF1D2CAD7300D47CED /* fish_2_00025.png */ = {isa = PBXFileReference; lastKnownFileType = image.png; path = fish_2_00025.png; sourceTree = "<group>"; };
		BC408CF01D2CAD7300D47CED /* fish_2_00026.png */ = {isa = PBXFileReference; lastKnownFileType = image.png; path = fish_2_00026.png; sourceTree = "<group>"; };
		BC408CF11D2CAD7300D47CED /* fish_2_00027.png */ = {isa = PBXFileReference; lastKnownFileType = image.png; path = fish_2_00027.png; sourceTree = "<group>"; };
		BC408CF21D2CAD7300D47CED /* fish_2_00028.png */ = {isa = PBXFileReference; lastKnownFileType = image.png; path = fish_2_00028.png; sourceTree = "<group>"; };
		BC408CF31D2CAD7300D47CED /* fish_2_00029.png */ = {isa = PBXFileReference; lastKnownFileType = image.png; path = fish_2_00029.png; sourceTree = "<group>"; };
		BC408CF41D2CAD7300D47CED /* fish_2_00030.png */ = {isa = PBXFileReference; lastKnownFileType = image.png; path = fish_2_00030.png; sourceTree = "<group>"; };
		BC408CF51D2CAD7300D47CED /* fish_2_00031.png */ = {isa = PBXFileReference; lastKnownFileType = image.png; path = fish_2_00031.png; sourceTree = "<group>"; };
		BC408CF61D2CAD7300D47CED /* fish_2_00032.png */ = {isa = PBXFileReference; lastKnownFileType = image.png; path = fish_2_00032.png; sourceTree = "<group>"; };
		BC408CF71D2CAD7300D47CED /* fish_2_00033.png */ = {isa = PBXFileReference; lastKnownFileType = image.png; path = fish_2_00033.png; sourceTree = "<group>"; };
		BC408CF81D2CAD7300D47CED /* fish_2_00034.png */ = {isa = PBXFileReference; lastKnownFileType = image.png; path = fish_2_00034.png; sourceTree = "<group>"; };
		BC408CF91D2CAD7300D47CED /* fish_2_00035.png */ = {isa = PBXFileReference; lastKnownFileType = image.png; path = fish_2_00035.png; sourceTree = "<group>"; };
		BC408CFA1D2CAD7300D47CED /* fish_2_00036.png */ = {isa = PBXFileReference; lastKnownFileType = image.png; path = fish_2_00036.png; sourceTree = "<group>"; };
		BC408CFB1D2CAD7300D47CED /* fish_2_00037.png */ = {isa = PBXFileReference; lastKnownFileType = image.png; path = fish_2_00037.png; sourceTree = "<group>"; };
		BC408CFC1D2CAD7300D47CED /* fish_2_00038.png */ = {isa = PBXFileReference; lastKnownFileType = image.png; path = fish_2_00038.png; sourceTree = "<group>"; };
		BC408CFD1D2CAD7300D47CED /* fish_2_00039.png */ = {isa = PBXFileReference; lastKnownFileType = image.png; path = fish_2_00039.png; sourceTree = "<group>"; };
		BC408CFE1D2CAD7300D47CED /* fish_2_00040.png */ = {isa = PBXFileReference; lastKnownFileType = image.png; path = fish_2_00040.png; sourceTree = "<group>"; };
		BC408CFF1D2CAD7300D47CED /* fish_2_00041.png */ = {isa = PBXFileReference; lastKnownFileType = image.png; path = fish_2_00041.png; sourceTree = "<group>"; };
		BC408D001D2CAD7300D47CED /* fish_2_00042.png */ = {isa = PBXFileReference; lastKnownFileType = image.png; path = fish_2_00042.png; sourceTree = "<group>"; };
		BC408D011D2CAD7300D47CED /* fish_2_00043.png */ = {isa = PBXFileReference; lastKnownFileType = image.png; path = fish_2_00043.png; sourceTree = "<group>"; };
		BC408D021D2CAD7300D47CED /* fish_2_00044.png */ = {isa = PBXFileReference; lastKnownFileType = image.png; path = fish_2_00044.png; sourceTree = "<group>"; };
		BC408D031D2CAD7300D47CED /* fish_2_00045.png */ = {isa = PBXFileReference; lastKnownFileType = image.png; path = fish_2_00045.png; sourceTree = "<group>"; };
		BC408D041D2CAD7300D47CED /* fish_2_00046.png */ = {isa = PBXFileReference; lastKnownFileType = image.png; path = fish_2_00046.png; sourceTree = "<group>"; };
		BC408D051D2CAD7300D47CED /* fish_2_00047.png */ = {isa = PBXFileReference; lastKnownFileType = image.png; path = fish_2_00047.png; sourceTree = "<group>"; };
		BC408D061D2CAD7300D47CED /* fish_2_00048.png */ = {isa = PBXFileReference; lastKnownFileType = image.png; path = fish_2_00048.png; sourceTree = "<group>"; };
		BC408D071D2CAD7300D47CED /* fish_2_00049.png */ = {isa = PBXFileReference; lastKnownFileType = image.png; path = fish_2_00049.png; sourceTree = "<group>"; };
		BC408D081D2CAD7300D47CED /* fish_2_00050.png */ = {isa = PBXFileReference; lastKnownFileType = image.png; path = fish_2_00050.png; sourceTree = "<group>"; };
		BC408D091D2CAD7300D47CED /* fish_2_00051.png */ = {isa = PBXFileReference; lastKnownFileType = image.png; path = fish_2_00051.png; sourceTree = "<group>"; };
		BC408D0A1D2CAD7300D47CED /* fish_2_00052.png */ = {isa = PBXFileReference; lastKnownFileType = image.png; path = fish_2_00052.png; sourceTree = "<group>"; };
		BC408D0B1D2CAD7300D47CED /* fish_2_00053.png */ = {isa = PBXFileReference; lastKnownFileType = image.png; path = fish_2_00053.png; sourceTree = "<group>"; };
		BC408D0C1D2CAD7300D47CED /* fish_2_00054.png */ = {isa = PBXFileReference; lastKnownFileType = image.png; path = fish_2_00054.png; sourceTree = "<group>"; };
		BC408D0D1D2CAD7300D47CED /* fish_2_00055.png */ = {isa = PBXFileReference; lastKnownFileType = image.png; path = fish_2_00055.png; sourceTree = "<group>"; };
		BC408D0E1D2CAD7300D47CED /* fish_2_00056.png */ = {isa = PBXFileReference; lastKnownFileType = image.png; path = fish_2_00056.png; sourceTree = "<group>"; };
		BC408D0F1D2CAD7300D47CED /* fish_2_00057.png */ = {isa = PBXFileReference; lastKnownFileType = image.png; path = fish_2_00057.png; sourceTree = "<group>"; };
		BC408D101D2CAD7300D47CED /* fish_2_00058.png */ = {isa = PBXFileReference; lastKnownFileType = image.png; path = fish_2_00058.png; sourceTree = "<group>"; };
		BC408D111D2CAD7300D47CED /* fish_2_00059.png */ = {isa = PBXFileReference; lastKnownFileType = image.png; path = fish_2_00059.png; sourceTree = "<group>"; };
		BC408D121D2CAD7300D47CED /* Fish.sks */ = {isa = PBXFileReference; lastKnownFileType = file.sks; name = Fish.sks; path = Resources/Fish.sks; sourceTree = "<group>"; };
		BC408D131D2CAD7300D47CED /* Food.sks */ = {isa = PBXFileReference; lastKnownFileType = file.sks; name = Food.sks; path = Resources/Food.sks; sourceTree = "<group>"; };
		BC408D151D2CAD7300D47CED /* plant_00000.png */ = {isa = PBXFileReference; lastKnownFileType = image.png; path = plant_00000.png; sourceTree = "<group>"; };
		BC408D161D2CAD7300D47CED /* PondScene.sks */ = {isa = PBXFileReference; lastKnownFileType = file.sks; name = PondScene.sks; path = Resources/PondScene.sks; sourceTree = "<group>"; };
		BC408D181D2CAD7300D47CED /* ripple_00000.png */ = {isa = PBXFileReference; lastKnownFileType = image.png; path = ripple_00000.png; sourceTree = "<group>"; };
		BC408D191D2CAD7300D47CED /* ripple_00001.png */ = {isa = PBXFileReference; lastKnownFileType = image.png; path = ripple_00001.png; sourceTree = "<group>"; };
		BC408D1A1D2CAD7300D47CED /* ripple_00002.png */ = {isa = PBXFileReference; lastKnownFileType = image.png; path = ripple_00002.png; sourceTree = "<group>"; };
		BC408D1B1D2CAD7300D47CED /* ripple_00003.png */ = {isa = PBXFileReference; lastKnownFileType = image.png; path = ripple_00003.png; sourceTree = "<group>"; };
		BC408D1C1D2CAD7300D47CED /* ripple_00004.png */ = {isa = PBXFileReference; lastKnownFileType = image.png; path = ripple_00004.png; sourceTree = "<group>"; };
		BC408D1D1D2CAD7300D47CED /* ripple_00005.png */ = {isa = PBXFileReference; lastKnownFileType = image.png; path = ripple_00005.png; sourceTree = "<group>"; };
		BC408D1E1D2CAD7300D47CED /* ripple_00006.png */ = {isa = PBXFileReference; lastKnownFileType = image.png; path = ripple_00006.png; sourceTree = "<group>"; };
		BC408D1F1D2CAD7300D47CED /* ripple_00007.png */ = {isa = PBXFileReference; lastKnownFileType = image.png; path = ripple_00007.png; sourceTree = "<group>"; };
		BC408D201D2CAD7300D47CED /* ripple_00008.png */ = {isa = PBXFileReference; lastKnownFileType = image.png; path = ripple_00008.png; sourceTree = "<group>"; };
		BC408D211D2CAD7300D47CED /* ripple_00009.png */ = {isa = PBXFileReference; lastKnownFileType = image.png; path = ripple_00009.png; sourceTree = "<group>"; };
		BC408D221D2CAD7300D47CED /* ripple_00010.png */ = {isa = PBXFileReference; lastKnownFileType = image.png; path = ripple_00010.png; sourceTree = "<group>"; };
		BC408D231D2CAD7300D47CED /* ripple_00011.png */ = {isa = PBXFileReference; lastKnownFileType = image.png; path = ripple_00011.png; sourceTree = "<group>"; };
		BC408D241D2CAD7300D47CED /* ripple_00012.png */ = {isa = PBXFileReference; lastKnownFileType = image.png; path = ripple_00012.png; sourceTree = "<group>"; };
		BC408D251D2CAD7300D47CED /* ripple_00013.png */ = {isa = PBXFileReference; lastKnownFileType = image.png; path = ripple_00013.png; sourceTree = "<group>"; };
		BC408D261D2CAD7300D47CED /* ripple_00014.png */ = {isa = PBXFileReference; lastKnownFileType = image.png; path = ripple_00014.png; sourceTree = "<group>"; };
		BC408D271D2CAD7300D47CED /* ripple_00015.png */ = {isa = PBXFileReference; lastKnownFileType = image.png; path = ripple_00015.png; sourceTree = "<group>"; };
		BC408D281D2CAD7300D47CED /* ripple_00016.png */ = {isa = PBXFileReference; lastKnownFileType = image.png; path = ripple_00016.png; sourceTree = "<group>"; };
		BC408D291D2CAD7300D47CED /* ripple_00017.png */ = {isa = PBXFileReference; lastKnownFileType = image.png; path = ripple_00017.png; sourceTree = "<group>"; };
		BC408D2A1D2CAD7300D47CED /* ripple_00018.png */ = {isa = PBXFileReference; lastKnownFileType = image.png; path = ripple_00018.png; sourceTree = "<group>"; };
		BC408D2B1D2CAD7300D47CED /* ripple_00019.png */ = {isa = PBXFileReference; lastKnownFileType = image.png; path = ripple_00019.png; sourceTree = "<group>"; };
		BC408D2C1D2CAD7300D47CED /* ripple_00020.png */ = {isa = PBXFileReference; lastKnownFileType = image.png; path = ripple_00020.png; sourceTree = "<group>"; };
		BC408D2D1D2CAD7300D47CED /* ripple_00021.png */ = {isa = PBXFileReference; lastKnownFileType = image.png; path = ripple_00021.png; sourceTree = "<group>"; };
		BC408D2E1D2CAD7300D47CED /* ripple_00022.png */ = {isa = PBXFileReference; lastKnownFileType = image.png; path = ripple_00022.png; sourceTree = "<group>"; };
		BC408D2F1D2CAD7300D47CED /* ripple_00023.png */ = {isa = PBXFileReference; lastKnownFileType = image.png; path = ripple_00023.png; sourceTree = "<group>"; };
		BC408D301D2CAD7300D47CED /* ripple_00024.png */ = {isa = PBXFileReference; lastKnownFileType = image.png; path = ripple_00024.png; sourceTree = "<group>"; };
		BC408D311D2CAD7300D47CED /* ripple_00025.png */ = {isa = PBXFileReference; lastKnownFileType = image.png; path = ripple_00025.png; sourceTree = "<group>"; };
		BC408D321D2CAD7300D47CED /* ripple_00026.png */ = {isa = PBXFileReference; lastKnownFileType = image.png; path = ripple_00026.png; sourceTree = "<group>"; };
		BC408D331D2CAD7300D47CED /* ripple_00027.png */ = {isa = PBXFileReference; lastKnownFileType = image.png; path = ripple_00027.png; sourceTree = "<group>"; };
		BC408D341D2CAD7300D47CED /* ripple_00028.png */ = {isa = PBXFileReference; lastKnownFileType = image.png; path = ripple_00028.png; sourceTree = "<group>"; };
		BC408D351D2CAD7300D47CED /* ripple_00029.png */ = {isa = PBXFileReference; lastKnownFileType = image.png; path = ripple_00029.png; sourceTree = "<group>"; };
		BC408D361D2CAD7300D47CED /* Ripple.sks */ = {isa = PBXFileReference; lastKnownFileType = file.sks; name = Ripple.sks; path = Resources/Ripple.sks; sourceTree = "<group>"; };
		BC408D371D2CAD7300D47CED /* spark.png */ = {isa = PBXFileReference; lastKnownFileType = image.png; name = spark.png; path = Resources/spark.png; sourceTree = "<group>"; };
		BC408D391D2CAD7300D47CED /* water_2_00000.png */ = {isa = PBXFileReference; lastKnownFileType = image.png; path = water_2_00000.png; sourceTree = "<group>"; };
		BC499C451D23943000D656D0 /* Fish.swift */ = {isa = PBXFileReference; fileEncoding = 4; lastKnownFileType = sourcecode.swift; path = Fish.swift; sourceTree = "<group>"; };
		BC668D721D2398C100C180C0 /* CGFloat+Extensions.swift */ = {isa = PBXFileReference; fileEncoding = 4; lastKnownFileType = sourcecode.swift; path = "CGFloat+Extensions.swift"; sourceTree = "<group>"; };
		BC668D731D2398C100C180C0 /* CGPoint+Extensions.swift */ = {isa = PBXFileReference; fileEncoding = 4; lastKnownFileType = sourcecode.swift; path = "CGPoint+Extensions.swift"; sourceTree = "<group>"; };
		BC668D741D2398C100C180C0 /* CGVector+Extensions.swift */ = {isa = PBXFileReference; fileEncoding = 4; lastKnownFileType = sourcecode.swift; path = "CGVector+Extensions.swift"; sourceTree = "<group>"; };
		BC668D751D2398C100C180C0 /* Int+Extensions.swift */ = {isa = PBXFileReference; fileEncoding = 4; lastKnownFileType = sourcecode.swift; path = "Int+Extensions.swift"; sourceTree = "<group>"; };
		BC668D761D2398C100C180C0 /* LICENSE.txt */ = {isa = PBXFileReference; fileEncoding = 4; lastKnownFileType = text; path = LICENSE.txt; sourceTree = "<group>"; };
		BC668D771D2398C100C180C0 /* SKAction+Extensions.swift */ = {isa = PBXFileReference; fileEncoding = 4; lastKnownFileType = sourcecode.swift; path = "SKAction+Extensions.swift"; sourceTree = "<group>"; };
		BC668D781D2398C100C180C0 /* SKAction+SpecialEffects.swift */ = {isa = PBXFileReference; fileEncoding = 4; lastKnownFileType = sourcecode.swift; path = "SKAction+SpecialEffects.swift"; sourceTree = "<group>"; };
		BC668D791D2398C100C180C0 /* SKColor+Extensions.swift */ = {isa = PBXFileReference; fileEncoding = 4; lastKnownFileType = sourcecode.swift; path = "SKColor+Extensions.swift"; sourceTree = "<group>"; };
		BC668D7A1D2398C100C180C0 /* SKNode+Extensions.swift */ = {isa = PBXFileReference; fileEncoding = 4; lastKnownFileType = sourcecode.swift; path = "SKNode+Extensions.swift"; sourceTree = "<group>"; };
		BC668D7B1D2398C100C180C0 /* SKTAudio.swift */ = {isa = PBXFileReference; fileEncoding = 4; lastKnownFileType = sourcecode.swift; path = SKTAudio.swift; sourceTree = "<group>"; };
		BC668D7C1D2398C100C180C0 /* SKTEffects.swift */ = {isa = PBXFileReference; fileEncoding = 4; lastKnownFileType = sourcecode.swift; path = SKTEffects.swift; sourceTree = "<group>"; };
		BC668D7D1D2398C100C180C0 /* SKTTimingFunctions.swift */ = {isa = PBXFileReference; fileEncoding = 4; lastKnownFileType = sourcecode.swift; path = SKTTimingFunctions.swift; sourceTree = "<group>"; };
		BC668D7E1D2398C100C180C0 /* Vector3.swift */ = {isa = PBXFileReference; fileEncoding = 4; lastKnownFileType = sourcecode.swift; path = Vector3.swift; sourceTree = "<group>"; };
		BCA010B71D2387DB0016AD85 /* FishSim.app */ = {isa = PBXFileReference; explicitFileType = wrapper.application; includeInIndex = 0; path = FishSim.app; sourceTree = BUILT_PRODUCTS_DIR; };
		BCA010BA1D2387DB0016AD85 /* AppDelegate.swift */ = {isa = PBXFileReference; lastKnownFileType = sourcecode.swift; path = AppDelegate.swift; sourceTree = "<group>"; };
		BCA010BE1D2387DB0016AD85 /* PondScene.swift */ = {isa = PBXFileReference; lastKnownFileType = sourcecode.swift; path = PondScene.swift; sourceTree = "<group>"; };
		BCA010C01D2387DB0016AD85 /* GameViewController.swift */ = {isa = PBXFileReference; lastKnownFileType = sourcecode.swift; path = GameViewController.swift; sourceTree = "<group>"; };
		BCA010C31D2387DB0016AD85 /* Base */ = {isa = PBXFileReference; lastKnownFileType = file.storyboard; name = Base; path = Base.lproj/Main.storyboard; sourceTree = "<group>"; };
		BCA010C51D2387DB0016AD85 /* Assets.xcassets */ = {isa = PBXFileReference; lastKnownFileType = folder.assetcatalog; path = Assets.xcassets; sourceTree = "<group>"; };
		BCA010C81D2387DB0016AD85 /* Base */ = {isa = PBXFileReference; lastKnownFileType = file.storyboard; name = Base; path = Base.lproj/LaunchScreen.storyboard; sourceTree = "<group>"; };
		BCA010CA1D2387DB0016AD85 /* Info.plist */ = {isa = PBXFileReference; lastKnownFileType = text.plist.xml; path = Info.plist; sourceTree = "<group>"; };
/* End PBXFileReference section */

/* Begin PBXFrameworksBuildPhase section */
		BCA010B41D2387DB0016AD85 /* Frameworks */ = {
			isa = PBXFrameworksBuildPhase;
			buildActionMask = 2147483647;
			files = (
			);
			runOnlyForDeploymentPostprocessing = 0;
		};
/* End PBXFrameworksBuildPhase section */

/* Begin PBXGroup section */
		BC408C971D2CAD5D00D47CED /* Resources */ = {
			isa = PBXGroup;
			children = (
				BC408C981D2CAD7300D47CED /* fish_1 */,
				BC408CD51D2CAD7300D47CED /* fish_2 */,
				BC408D121D2CAD7300D47CED /* Fish.sks */,
				BC408D131D2CAD7300D47CED /* Food.sks */,
				BC408D141D2CAD7300D47CED /* plant */,
				BC408D161D2CAD7300D47CED /* PondScene.sks */,
				BC408D171D2CAD7300D47CED /* ripple */,
				BC408D361D2CAD7300D47CED /* Ripple.sks */,
				BC408D371D2CAD7300D47CED /* spark.png */,
				BC408D381D2CAD7300D47CED /* water_2 */,
			);
			name = Resources;
			sourceTree = "<group>";
		};
		BC408C981D2CAD7300D47CED /* fish_1 */ = {
			isa = PBXGroup;
			children = (
				BC408C991D2CAD7300D47CED /* fish_100000.png */,
				BC408C9A1D2CAD7300D47CED /* fish_100001.png */,
				BC408C9B1D2CAD7300D47CED /* fish_100002.png */,
				BC408C9C1D2CAD7300D47CED /* fish_100003.png */,
				BC408C9D1D2CAD7300D47CED /* fish_100004.png */,
				BC408C9E1D2CAD7300D47CED /* fish_100005.png */,
				BC408C9F1D2CAD7300D47CED /* fish_100006.png */,
				BC408CA01D2CAD7300D47CED /* fish_100007.png */,
				BC408CA11D2CAD7300D47CED /* fish_100008.png */,
				BC408CA21D2CAD7300D47CED /* fish_100009.png */,
				BC408CA31D2CAD7300D47CED /* fish_100010.png */,
				BC408CA41D2CAD7300D47CED /* fish_100011.png */,
				BC408CA51D2CAD7300D47CED /* fish_100012.png */,
				BC408CA61D2CAD7300D47CED /* fish_100013.png */,
				BC408CA71D2CAD7300D47CED /* fish_100014.png */,
				BC408CA81D2CAD7300D47CED /* fish_100015.png */,
				BC408CA91D2CAD7300D47CED /* fish_100016.png */,
				BC408CAA1D2CAD7300D47CED /* fish_100017.png */,
				BC408CAB1D2CAD7300D47CED /* fish_100018.png */,
				BC408CAC1D2CAD7300D47CED /* fish_100019.png */,
				BC408CAD1D2CAD7300D47CED /* fish_100020.png */,
				BC408CAE1D2CAD7300D47CED /* fish_100021.png */,
				BC408CAF1D2CAD7300D47CED /* fish_100022.png */,
				BC408CB01D2CAD7300D47CED /* fish_100023.png */,
				BC408CB11D2CAD7300D47CED /* fish_100024.png */,
				BC408CB21D2CAD7300D47CED /* fish_100025.png */,
				BC408CB31D2CAD7300D47CED /* fish_100026.png */,
				BC408CB41D2CAD7300D47CED /* fish_100027.png */,
				BC408CB51D2CAD7300D47CED /* fish_100028.png */,
				BC408CB61D2CAD7300D47CED /* fish_100029.png */,
				BC408CB71D2CAD7300D47CED /* fish_100030.png */,
				BC408CB81D2CAD7300D47CED /* fish_100031.png */,
				BC408CB91D2CAD7300D47CED /* fish_100032.png */,
				BC408CBA1D2CAD7300D47CED /* fish_100033.png */,
				BC408CBB1D2CAD7300D47CED /* fish_100034.png */,
				BC408CBC1D2CAD7300D47CED /* fish_100035.png */,
				BC408CBD1D2CAD7300D47CED /* fish_100036.png */,
				BC408CBE1D2CAD7300D47CED /* fish_100037.png */,
				BC408CBF1D2CAD7300D47CED /* fish_100038.png */,
				BC408CC01D2CAD7300D47CED /* fish_100039.png */,
				BC408CC11D2CAD7300D47CED /* fish_100040.png */,
				BC408CC21D2CAD7300D47CED /* fish_100041.png */,
				BC408CC31D2CAD7300D47CED /* fish_100042.png */,
				BC408CC41D2CAD7300D47CED /* fish_100043.png */,
				BC408CC51D2CAD7300D47CED /* fish_100044.png */,
				BC408CC61D2CAD7300D47CED /* fish_100045.png */,
				BC408CC71D2CAD7300D47CED /* fish_100046.png */,
				BC408CC81D2CAD7300D47CED /* fish_100047.png */,
				BC408CC91D2CAD7300D47CED /* fish_100048.png */,
				BC408CCA1D2CAD7300D47CED /* fish_100049.png */,
				BC408CCB1D2CAD7300D47CED /* fish_100050.png */,
				BC408CCC1D2CAD7300D47CED /* fish_100051.png */,
				BC408CCD1D2CAD7300D47CED /* fish_100052.png */,
				BC408CCE1D2CAD7300D47CED /* fish_100053.png */,
				BC408CCF1D2CAD7300D47CED /* fish_100054.png */,
				BC408CD01D2CAD7300D47CED /* fish_100055.png */,
				BC408CD11D2CAD7300D47CED /* fish_100056.png */,
				BC408CD21D2CAD7300D47CED /* fish_100057.png */,
				BC408CD31D2CAD7300D47CED /* fish_100058.png */,
				BC408CD41D2CAD7300D47CED /* fish_100059.png */,
			);
			name = fish_1;
			path = Resources/fish_1;
			sourceTree = "<group>";
		};
		BC408CD51D2CAD7300D47CED /* fish_2 */ = {
			isa = PBXGroup;
			children = (
				BC408CD61D2CAD7300D47CED /* fish_2_00000.png */,
				BC408CD71D2CAD7300D47CED /* fish_2_00001.png */,
				BC408CD81D2CAD7300D47CED /* fish_2_00002.png */,
				BC408CD91D2CAD7300D47CED /* fish_2_00003.png */,
				BC408CDA1D2CAD7300D47CED /* fish_2_00004.png */,
				BC408CDB1D2CAD7300D47CED /* fish_2_00005.png */,
				BC408CDC1D2CAD7300D47CED /* fish_2_00006.png */,
				BC408CDD1D2CAD7300D47CED /* fish_2_00007.png */,
				BC408CDE1D2CAD7300D47CED /* fish_2_00008.png */,
				BC408CDF1D2CAD7300D47CED /* fish_2_00009.png */,
				BC408CE01D2CAD7300D47CED /* fish_2_00010.png */,
				BC408CE11D2CAD7300D47CED /* fish_2_00011.png */,
				BC408CE21D2CAD7300D47CED /* fish_2_00012.png */,
				BC408CE31D2CAD7300D47CED /* fish_2_00013.png */,
				BC408CE41D2CAD7300D47CED /* fish_2_00014.png */,
				BC408CE51D2CAD7300D47CED /* fish_2_00015.png */,
				BC408CE61D2CAD7300D47CED /* fish_2_00016.png */,
				BC408CE71D2CAD7300D47CED /* fish_2_00017.png */,
				BC408CE81D2CAD7300D47CED /* fish_2_00018.png */,
				BC408CE91D2CAD7300D47CED /* fish_2_00019.png */,
				BC408CEA1D2CAD7300D47CED /* fish_2_00020.png */,
				BC408CEB1D2CAD7300D47CED /* fish_2_00021.png */,
				BC408CEC1D2CAD7300D47CED /* fish_2_00022.png */,
				BC408CED1D2CAD7300D47CED /* fish_2_00023.png */,
				BC408CEE1D2CAD7300D47CED /* fish_2_00024.png */,
				BC408CEF1D2CAD7300D47CED /* fish_2_00025.png */,
				BC408CF01D2CAD7300D47CED /* fish_2_00026.png */,
				BC408CF11D2CAD7300D47CED /* fish_2_00027.png */,
				BC408CF21D2CAD7300D47CED /* fish_2_00028.png */,
				BC408CF31D2CAD7300D47CED /* fish_2_00029.png */,
				BC408CF41D2CAD7300D47CED /* fish_2_00030.png */,
				BC408CF51D2CAD7300D47CED /* fish_2_00031.png */,
				BC408CF61D2CAD7300D47CED /* fish_2_00032.png */,
				BC408CF71D2CAD7300D47CED /* fish_2_00033.png */,
				BC408CF81D2CAD7300D47CED /* fish_2_00034.png */,
				BC408CF91D2CAD7300D47CED /* fish_2_00035.png */,
				BC408CFA1D2CAD7300D47CED /* fish_2_00036.png */,
				BC408CFB1D2CAD7300D47CED /* fish_2_00037.png */,
				BC408CFC1D2CAD7300D47CED /* fish_2_00038.png */,
				BC408CFD1D2CAD7300D47CED /* fish_2_00039.png */,
				BC408CFE1D2CAD7300D47CED /* fish_2_00040.png */,
				BC408CFF1D2CAD7300D47CED /* fish_2_00041.png */,
				BC408D001D2CAD7300D47CED /* fish_2_00042.png */,
				BC408D011D2CAD7300D47CED /* fish_2_00043.png */,
				BC408D021D2CAD7300D47CED /* fish_2_00044.png */,
				BC408D031D2CAD7300D47CED /* fish_2_00045.png */,
				BC408D041D2CAD7300D47CED /* fish_2_00046.png */,
				BC408D051D2CAD7300D47CED /* fish_2_00047.png */,
				BC408D061D2CAD7300D47CED /* fish_2_00048.png */,
				BC408D071D2CAD7300D47CED /* fish_2_00049.png */,
				BC408D081D2CAD7300D47CED /* fish_2_00050.png */,
				BC408D091D2CAD7300D47CED /* fish_2_00051.png */,
				BC408D0A1D2CAD7300D47CED /* fish_2_00052.png */,
				BC408D0B1D2CAD7300D47CED /* fish_2_00053.png */,
				BC408D0C1D2CAD7300D47CED /* fish_2_00054.png */,
				BC408D0D1D2CAD7300D47CED /* fish_2_00055.png */,
				BC408D0E1D2CAD7300D47CED /* fish_2_00056.png */,
				BC408D0F1D2CAD7300D47CED /* fish_2_00057.png */,
				BC408D101D2CAD7300D47CED /* fish_2_00058.png */,
				BC408D111D2CAD7300D47CED /* fish_2_00059.png */,
			);
			name = fish_2;
			path = Resources/fish_2;
			sourceTree = "<group>";
		};
		BC408D141D2CAD7300D47CED /* plant */ = {
			isa = PBXGroup;
			children = (
				BC408D151D2CAD7300D47CED /* plant_00000.png */,
			);
			name = plant;
			path = Resources/plant;
			sourceTree = "<group>";
		};
		BC408D171D2CAD7300D47CED /* ripple */ = {
			isa = PBXGroup;
			children = (
				BC408D181D2CAD7300D47CED /* ripple_00000.png */,
				BC408D191D2CAD7300D47CED /* ripple_00001.png */,
				BC408D1A1D2CAD7300D47CED /* ripple_00002.png */,
				BC408D1B1D2CAD7300D47CED /* ripple_00003.png */,
				BC408D1C1D2CAD7300D47CED /* ripple_00004.png */,
				BC408D1D1D2CAD7300D47CED /* ripple_00005.png */,
				BC408D1E1D2CAD7300D47CED /* ripple_00006.png */,
				BC408D1F1D2CAD7300D47CED /* ripple_00007.png */,
				BC408D201D2CAD7300D47CED /* ripple_00008.png */,
				BC408D211D2CAD7300D47CED /* ripple_00009.png */,
				BC408D221D2CAD7300D47CED /* ripple_00010.png */,
				BC408D231D2CAD7300D47CED /* ripple_00011.png */,
				BC408D241D2CAD7300D47CED /* ripple_00012.png */,
				BC408D251D2CAD7300D47CED /* ripple_00013.png */,
				BC408D261D2CAD7300D47CED /* ripple_00014.png */,
				BC408D271D2CAD7300D47CED /* ripple_00015.png */,
				BC408D281D2CAD7300D47CED /* ripple_00016.png */,
				BC408D291D2CAD7300D47CED /* ripple_00017.png */,
				BC408D2A1D2CAD7300D47CED /* ripple_00018.png */,
				BC408D2B1D2CAD7300D47CED /* ripple_00019.png */,
				BC408D2C1D2CAD7300D47CED /* ripple_00020.png */,
				BC408D2D1D2CAD7300D47CED /* ripple_00021.png */,
				BC408D2E1D2CAD7300D47CED /* ripple_00022.png */,
				BC408D2F1D2CAD7300D47CED /* ripple_00023.png */,
				BC408D301D2CAD7300D47CED /* ripple_00024.png */,
				BC408D311D2CAD7300D47CED /* ripple_00025.png */,
				BC408D321D2CAD7300D47CED /* ripple_00026.png */,
				BC408D331D2CAD7300D47CED /* ripple_00027.png */,
				BC408D341D2CAD7300D47CED /* ripple_00028.png */,
				BC408D351D2CAD7300D47CED /* ripple_00029.png */,
			);
			name = ripple;
			path = Resources/ripple;
			sourceTree = "<group>";
		};
		BC408D381D2CAD7300D47CED /* water_2 */ = {
			isa = PBXGroup;
			children = (
				BC408D391D2CAD7300D47CED /* water_2_00000.png */,
			);
			name = water_2;
			path = Resources/water_2;
			sourceTree = "<group>";
		};
		BC408DD71D2CAFAA00D47CED /* Engine */ = {
			isa = PBXGroup;
			children = (
				BCA010BA1D2387DB0016AD85 /* AppDelegate.swift */,
				BCA010BE1D2387DB0016AD85 /* PondScene.swift */,
				BCA010C01D2387DB0016AD85 /* GameViewController.swift */,
				BCA010C21D2387DB0016AD85 /* Main.storyboard */,
				BCA010C51D2387DB0016AD85 /* Assets.xcassets */,
				BCA010C71D2387DB0016AD85 /* LaunchScreen.storyboard */,
				BCA010CA1D2387DB0016AD85 /* Info.plist */,
			);
			name = Engine;
			sourceTree = "<group>";
		};
		BC668D711D2398C100C180C0 /* SKTUtils */ = {
			isa = PBXGroup;
			children = (
				BC668D721D2398C100C180C0 /* CGFloat+Extensions.swift */,
				BC668D731D2398C100C180C0 /* CGPoint+Extensions.swift */,
				BC668D741D2398C100C180C0 /* CGVector+Extensions.swift */,
				BC668D751D2398C100C180C0 /* Int+Extensions.swift */,
				BC668D761D2398C100C180C0 /* LICENSE.txt */,
				BC668D771D2398C100C180C0 /* SKAction+Extensions.swift */,
				BC668D781D2398C100C180C0 /* SKAction+SpecialEffects.swift */,
				BC668D791D2398C100C180C0 /* SKColor+Extensions.swift */,
				BC668D7A1D2398C100C180C0 /* SKNode+Extensions.swift */,
				BC668D7B1D2398C100C180C0 /* SKTAudio.swift */,
				BC668D7C1D2398C100C180C0 /* SKTEffects.swift */,
				BC668D7D1D2398C100C180C0 /* SKTTimingFunctions.swift */,
				BC668D7E1D2398C100C180C0 /* Vector3.swift */,
			);
			path = SKTUtils;
			sourceTree = "<group>";
		};
		BCA010AE1D2387DB0016AD85 = {
			isa = PBXGroup;
			children = (
				BCA010B91D2387DB0016AD85 /* MakeSchoolOfFish */,
				BCA010B81D2387DB0016AD85 /* Products */,
			);
			sourceTree = "<group>";
		};
		BCA010B81D2387DB0016AD85 /* Products */ = {
			isa = PBXGroup;
			children = (
				BCA010B71D2387DB0016AD85 /* FishSim.app */,
			);
			name = Products;
			sourceTree = "<group>";
		};
		BCA010B91D2387DB0016AD85 /* MakeSchoolOfFish */ = {
			isa = PBXGroup;
			children = (
				BC499C451D23943000D656D0 /* Fish.swift */,
				BC408DD71D2CAFAA00D47CED /* Engine */,
				BC408C971D2CAD5D00D47CED /* Resources */,
				BC668D711D2398C100C180C0 /* SKTUtils */,
			);
			path = MakeSchoolOfFish;
			sourceTree = "<group>";
		};
/* End PBXGroup section */

/* Begin PBXNativeTarget section */
		BCA010B61D2387DB0016AD85 /* MakeSchoolOfFish */ = {
			isa = PBXNativeTarget;
			buildConfigurationList = BCA010CD1D2387DB0016AD85 /* Build configuration list for PBXNativeTarget "MakeSchoolOfFish" */;
			buildPhases = (
				BCA010B31D2387DB0016AD85 /* Sources */,
				BCA010B41D2387DB0016AD85 /* Frameworks */,
				BCA010B51D2387DB0016AD85 /* Resources */,
			);
			buildRules = (
			);
			dependencies = (
			);
			name = MakeSchoolOfFish;
			productName = MakeSchoolOfFish;
			productReference = BCA010B71D2387DB0016AD85 /* FishSim.app */;
			productType = "com.apple.product-type.application";
		};
/* End PBXNativeTarget section */

/* Begin PBXProject section */
		BCA010AF1D2387DB0016AD85 /* Project object */ = {
			isa = PBXProject;
			attributes = {
				LastSwiftUpdateCheck = 0730;
				LastUpgradeCheck = 0730;
				ORGANIZATIONNAME = "Make School";
				TargetAttributes = {
					BCA010B61D2387DB0016AD85 = {
						CreatedOnToolsVersion = 7.3.1;
						DevelopmentTeam = JA472UP5B6;
					};
				};
			};
			buildConfigurationList = BCA010B21D2387DB0016AD85 /* Build configuration list for PBXProject "MakeSchoolOfFish" */;
			compatibilityVersion = "Xcode 3.2";
			developmentRegion = English;
			hasScannedForEncodings = 0;
			knownRegions = (
				en,
				Base,
			);
			mainGroup = BCA010AE1D2387DB0016AD85;
			productRefGroup = BCA010B81D2387DB0016AD85 /* Products */;
			projectDirPath = "";
			projectRoot = "";
			targets = (
				BCA010B61D2387DB0016AD85 /* MakeSchoolOfFish */,
			);
		};
/* End PBXProject section */

/* Begin PBXResourcesBuildPhase section */
		BCA010B51D2387DB0016AD85 /* Resources */ = {
			isa = PBXResourcesBuildPhase;
			buildActionMask = 2147483647;
			files = (
				BC408D5B1D2CAD7300D47CED /* fish_100033.png in Resources */,
				BC408D481D2CAD7300D47CED /* fish_100014.png in Resources */,
				BC408DA81D2CAD7300D47CED /* fish_2_00050.png in Resources */,
				BC408DCE1D2CAD7300D47CED /* ripple_00024.png in Resources */,
				BC408DA71D2CAD7300D47CED /* fish_2_00049.png in Resources */,
				BC408DA31D2CAD7300D47CED /* fish_2_00045.png in Resources */,
				BC408D941D2CAD7300D47CED /* fish_2_00030.png in Resources */,
				BC408D8F1D2CAD7300D47CED /* fish_2_00025.png in Resources */,
				BC408D841D2CAD7300D47CED /* fish_2_00014.png in Resources */,
				BC408D571D2CAD7300D47CED /* fish_100029.png in Resources */,
				BC408D7E1D2CAD7300D47CED /* fish_2_00008.png in Resources */,
				BC668D831D2398C100C180C0 /* LICENSE.txt in Resources */,
				BC408DB51D2CAD7300D47CED /* PondScene.sks in Resources */,
				BC408D8B1D2CAD7300D47CED /* fish_2_00021.png in Resources */,
				BC408D781D2CAD7300D47CED /* fish_2_00002.png in Resources */,
				BC408DB21D2CAD7300D47CED /* Fish.sks in Resources */,
				BC408D8C1D2CAD7300D47CED /* fish_2_00022.png in Resources */,
				BC408D621D2CAD7300D47CED /* fish_100040.png in Resources */,
				BC408D5F1D2CAD7300D47CED /* fish_100037.png in Resources */,
				BC408DA61D2CAD7300D47CED /* fish_2_00048.png in Resources */,
				BC408D431D2CAD7300D47CED /* fish_100009.png in Resources */,
				BC408DB81D2CAD7300D47CED /* ripple_00002.png in Resources */,
				BC408D761D2CAD7300D47CED /* fish_2_00000.png in Resources */,
				BC408D591D2CAD7300D47CED /* fish_100031.png in Resources */,
				BC408DD01D2CAD7300D47CED /* ripple_00026.png in Resources */,
				BC408DAA1D2CAD7300D47CED /* fish_2_00052.png in Resources */,
				BC408D3C1D2CAD7300D47CED /* fish_100002.png in Resources */,
				BC408DAC1D2CAD7300D47CED /* fish_2_00054.png in Resources */,
				BC408D951D2CAD7300D47CED /* fish_2_00031.png in Resources */,
				BC408D501D2CAD7300D47CED /* fish_100022.png in Resources */,
				BC408D7B1D2CAD7300D47CED /* fish_2_00005.png in Resources */,
				BC408D3B1D2CAD7300D47CED /* fish_100001.png in Resources */,
				BC408D521D2CAD7300D47CED /* fish_100024.png in Resources */,
				BC408D471D2CAD7300D47CED /* fish_100013.png in Resources */,
				BC408D741D2CAD7300D47CED /* fish_100058.png in Resources */,
				BC408D871D2CAD7300D47CED /* fish_2_00017.png in Resources */,
				BC408D6B1D2CAD7300D47CED /* fish_100049.png in Resources */,
				BC408D4B1D2CAD7300D47CED /* fish_100017.png in Resources */,
				BCA010C91D2387DB0016AD85 /* LaunchScreen.storyboard in Resources */,
				BC408D7D1D2CAD7300D47CED /* fish_2_00007.png in Resources */,
				BC408D581D2CAD7300D47CED /* fish_100030.png in Resources */,
				BC408D6C1D2CAD7300D47CED /* fish_100050.png in Resources */,
				BC408D4E1D2CAD7300D47CED /* fish_100020.png in Resources */,
				BC408D6E1D2CAD7300D47CED /* fish_100052.png in Resources */,
				BC408D9D1D2CAD7300D47CED /* fish_2_00039.png in Resources */,
				BC408D3E1D2CAD7300D47CED /* fish_100004.png in Resources */,
				BC408DCA1D2CAD7300D47CED /* ripple_00020.png in Resources */,
				BC408D461D2CAD7300D47CED /* fish_100012.png in Resources */,
				BC408DA01D2CAD7300D47CED /* fish_2_00042.png in Resources */,
				BC408D721D2CAD7300D47CED /* fish_100056.png in Resources */,
				BC408D711D2CAD7300D47CED /* fish_100055.png in Resources */,
				BC408D991D2CAD7300D47CED /* fish_2_00035.png in Resources */,
				BC408DCF1D2CAD7300D47CED /* ripple_00025.png in Resources */,
				BC408DA41D2CAD7300D47CED /* fish_2_00046.png in Resources */,
				BC408DCC1D2CAD7300D47CED /* ripple_00022.png in Resources */,
				BC408DAD1D2CAD7300D47CED /* fish_2_00055.png in Resources */,
				BC408D771D2CAD7300D47CED /* fish_2_00001.png in Resources */,
				BC408D671D2CAD7300D47CED /* fish_100045.png in Resources */,
				BC408D7F1D2CAD7300D47CED /* fish_2_00009.png in Resources */,
				BC408DAE1D2CAD7300D47CED /* fish_2_00056.png in Resources */,
				BC408D911D2CAD7300D47CED /* fish_2_00027.png in Resources */,
				BC408DB01D2CAD7300D47CED /* fish_2_00058.png in Resources */,
				BC408DBF1D2CAD7300D47CED /* ripple_00009.png in Resources */,
				BC408D891D2CAD7300D47CED /* fish_2_00019.png in Resources */,
				BC408D651D2CAD7300D47CED /* fish_100043.png in Resources */,
				BC408D631D2CAD7300D47CED /* fish_100041.png in Resources */,
				BC408D931D2CAD7300D47CED /* fish_2_00029.png in Resources */,
				BC408DBA1D2CAD7300D47CED /* ripple_00004.png in Resources */,
				BC408D531D2CAD7300D47CED /* fish_100025.png in Resources */,
				BC408D881D2CAD7300D47CED /* fish_2_00018.png in Resources */,
				BC408D791D2CAD7300D47CED /* fish_2_00003.png in Resources */,
				BC408DD61D2CAD7300D47CED /* water_2_00000.png in Resources */,
				BC408D3A1D2CAD7300D47CED /* fish_100000.png in Resources */,
				BC408D491D2CAD7300D47CED /* fish_100015.png in Resources */,
				BC408DB11D2CAD7300D47CED /* fish_2_00059.png in Resources */,
				BC408DBE1D2CAD7300D47CED /* ripple_00008.png in Resources */,
				BC408D6F1D2CAD7300D47CED /* fish_100053.png in Resources */,
				BC408DA91D2CAD7300D47CED /* fish_2_00051.png in Resources */,
				BC408D6A1D2CAD7300D47CED /* fish_100048.png in Resources */,
				BC408D681D2CAD7300D47CED /* fish_100046.png in Resources */,
				BC408DA11D2CAD7300D47CED /* fish_2_00043.png in Resources */,
				BC408D961D2CAD7300D47CED /* fish_2_00032.png in Resources */,
				BC408D821D2CAD7300D47CED /* fish_2_00012.png in Resources */,
				BC408D601D2CAD7300D47CED /* fish_100038.png in Resources */,
				BC408D401D2CAD7300D47CED /* fish_100006.png in Resources */,
				BC408D9A1D2CAD7300D47CED /* fish_2_00036.png in Resources */,
				BC408D641D2CAD7300D47CED /* fish_100042.png in Resources */,
				BC408D411D2CAD7300D47CED /* fish_100007.png in Resources */,
				BC408D9E1D2CAD7300D47CED /* fish_2_00040.png in Resources */,
				BC408D421D2CAD7300D47CED /* fish_100008.png in Resources */,
				BC408DC61D2CAD7300D47CED /* ripple_00016.png in Resources */,
				BC408DC51D2CAD7300D47CED /* ripple_00015.png in Resources */,
				BC408DC11D2CAD7300D47CED /* ripple_00011.png in Resources */,
				BC408D9F1D2CAD7300D47CED /* fish_2_00041.png in Resources */,
				BC408D801D2CAD7300D47CED /* fish_2_00010.png in Resources */,
				BC408DB31D2CAD7300D47CED /* Food.sks in Resources */,
				BC408D6D1D2CAD7300D47CED /* fish_100051.png in Resources */,
				BC408D8E1D2CAD7300D47CED /* fish_2_00024.png in Resources */,
				BC408D541D2CAD7300D47CED /* fish_100026.png in Resources */,
				BC408D511D2CAD7300D47CED /* fish_100023.png in Resources */,
				BC408DD11D2CAD7300D47CED /* ripple_00027.png in Resources */,
				BC408D8D1D2CAD7300D47CED /* fish_2_00023.png in Resources */,
				BC408D551D2CAD7300D47CED /* fish_100027.png in Resources */,
				BC408DC91D2CAD7300D47CED /* ripple_00019.png in Resources */,
				BC408DCD1D2CAD7300D47CED /* ripple_00023.png in Resources */,
				BC408D611D2CAD7300D47CED /* fish_100039.png in Resources */,
				BC408DCB1D2CAD7300D47CED /* ripple_00021.png in Resources */,
				BC408D5A1D2CAD7300D47CED /* fish_100032.png in Resources */,
				BC408DC71D2CAD7300D47CED /* ripple_00017.png in Resources */,
				BC408D861D2CAD7300D47CED /* fish_2_00016.png in Resources */,
				BC408D441D2CAD7300D47CED /* fish_100010.png in Resources */,
				BCA010C61D2387DB0016AD85 /* Assets.xcassets in Resources */,
				BC408DC21D2CAD7300D47CED /* ripple_00012.png in Resources */,
				BC408D8A1D2CAD7300D47CED /* fish_2_00020.png in Resources */,
				BC408D4C1D2CAD7300D47CED /* fish_100018.png in Resources */,
				BC408DC81D2CAD7300D47CED /* ripple_00018.png in Resources */,
				BC408D981D2CAD7300D47CED /* fish_2_00034.png in Resources */,
				BC408D9B1D2CAD7300D47CED /* fish_2_00037.png in Resources */,
				BC408D4A1D2CAD7300D47CED /* fish_100016.png in Resources */,
				BC408DB71D2CAD7300D47CED /* ripple_00001.png in Resources */,
				BC408DB61D2CAD7300D47CED /* ripple_00000.png in Resources */,
				BC408DAB1D2CAD7300D47CED /* fish_2_00053.png in Resources */,
				BC408D831D2CAD7300D47CED /* fish_2_00013.png in Resources */,
				BC408D3F1D2CAD7300D47CED /* fish_100005.png in Resources */,
				BC408D901D2CAD7300D47CED /* fish_2_00026.png in Resources */,
				BC408D811D2CAD7300D47CED /* fish_2_00011.png in Resources */,
				BC408DD51D2CAD7300D47CED /* spark.png in Resources */,
				BC408DC41D2CAD7300D47CED /* ripple_00014.png in Resources */,
				BC408D4F1D2CAD7300D47CED /* fish_100021.png in Resources */,
				BC408DD31D2CAD7300D47CED /* ripple_00029.png in Resources */,
				BC408DC01D2CAD7300D47CED /* ripple_00010.png in Resources */,
				BC408DBD1D2CAD7300D47CED /* ripple_00007.png in Resources */,
				BC408D561D2CAD7300D47CED /* fish_100028.png in Resources */,
				BC408DAF1D2CAD7300D47CED /* fish_2_00057.png in Resources */,
				BC408D971D2CAD7300D47CED /* fish_2_00033.png in Resources */,
				BC408D5C1D2CAD7300D47CED /* fish_100034.png in Resources */,
				BC408D701D2CAD7300D47CED /* fish_100054.png in Resources */,
				BC408D9C1D2CAD7300D47CED /* fish_2_00038.png in Resources */,
				BC408D851D2CAD7300D47CED /* fish_2_00015.png in Resources */,
				BC408DA21D2CAD7300D47CED /* fish_2_00044.png in Resources */,
				BCA010C41D2387DB0016AD85 /* Main.storyboard in Resources */,
				BC408D731D2CAD7300D47CED /* fish_100057.png in Resources */,
				BC408D7C1D2CAD7300D47CED /* fish_2_00006.png in Resources */,
				BC408D921D2CAD7300D47CED /* fish_2_00028.png in Resources */,
				BC408D5D1D2CAD7300D47CED /* fish_100035.png in Resources */,
				BC408D451D2CAD7300D47CED /* fish_100011.png in Resources */,
				BC408DA51D2CAD7300D47CED /* fish_2_00047.png in Resources */,
				BC408D7A1D2CAD7300D47CED /* fish_2_00004.png in Resources */,
				BC408DBB1D2CAD7300D47CED /* ripple_00005.png in Resources */,
				BC408DD41D2CAD7300D47CED /* Ripple.sks in Resources */,
				BC408D751D2CAD7300D47CED /* fish_100059.png in Resources */,
				BC408D691D2CAD7300D47CED /* fish_100047.png in Resources */,
				BC408D4D1D2CAD7300D47CED /* fish_100019.png in Resources */,
				BC408DBC1D2CAD7300D47CED /* ripple_00006.png in Resources */,
				BC408D3D1D2CAD7300D47CED /* fish_100003.png in Resources */,
				BC408DD21D2CAD7300D47CED /* ripple_00028.png in Resources */,
				BC408DB41D2CAD7300D47CED /* plant_00000.png in Resources */,
				BC408DB91D2CAD7300D47CED /* ripple_00003.png in Resources */,
				BC408D661D2CAD7300D47CED /* fish_100044.png in Resources */,
				BC408DC31D2CAD7300D47CED /* ripple_00013.png in Resources */,
				BC408D5E1D2CAD7300D47CED /* fish_100036.png in Resources */,
			);
			runOnlyForDeploymentPostprocessing = 0;
		};
/* End PBXResourcesBuildPhase section */

/* Begin PBXSourcesBuildPhase section */
		BCA010B31D2387DB0016AD85 /* Sources */ = {
			isa = PBXSourcesBuildPhase;
			buildActionMask = 2147483647;
			files = (
				BC668D861D2398C100C180C0 /* SKColor+Extensions.swift in Sources */,
				BC668D8A1D2398C100C180C0 /* SKTTimingFunctions.swift in Sources */,
				BC668D841D2398C100C180C0 /* SKAction+Extensions.swift in Sources */,
				BCA010BF1D2387DB0016AD85 /* PondScene.swift in Sources */,
				BC668D811D2398C100C180C0 /* CGVector+Extensions.swift in Sources */,
				BC668D881D2398C100C180C0 /* SKTAudio.swift in Sources */,
				BC668D7F1D2398C100C180C0 /* CGFloat+Extensions.swift in Sources */,
				BC668D871D2398C100C180C0 /* SKNode+Extensions.swift in Sources */,
				BC668D891D2398C100C180C0 /* SKTEffects.swift in Sources */,
				BCA010C11D2387DB0016AD85 /* GameViewController.swift in Sources */,
				BCA010BB1D2387DB0016AD85 /* AppDelegate.swift in Sources */,
				BC668D821D2398C100C180C0 /* Int+Extensions.swift in Sources */,
				BC668D801D2398C100C180C0 /* CGPoint+Extensions.swift in Sources */,
				BC668D851D2398C100C180C0 /* SKAction+SpecialEffects.swift in Sources */,
				BC668D8B1D2398C100C180C0 /* Vector3.swift in Sources */,
				BC499C461D23943000D656D0 /* Fish.swift in Sources */,
			);
			runOnlyForDeploymentPostprocessing = 0;
		};
/* End PBXSourcesBuildPhase section */

/* Begin PBXVariantGroup section */
		BCA010C21D2387DB0016AD85 /* Main.storyboard */ = {
			isa = PBXVariantGroup;
			children = (
				BCA010C31D2387DB0016AD85 /* Base */,
			);
			name = Main.storyboard;
			sourceTree = "<group>";
		};
		BCA010C71D2387DB0016AD85 /* LaunchScreen.storyboard */ = {
			isa = PBXVariantGroup;
			children = (
				BCA010C81D2387DB0016AD85 /* Base */,
			);
			name = LaunchScreen.storyboard;
			sourceTree = "<group>";
		};
/* End PBXVariantGroup section */

/* Begin XCBuildConfiguration section */
		BCA010CB1D2387DB0016AD85 /* Debug */ = {
			isa = XCBuildConfiguration;
			buildSettings = {
				ALWAYS_SEARCH_USER_PATHS = NO;
				CLANG_ANALYZER_NONNULL = YES;
				CLANG_CXX_LANGUAGE_STANDARD = "gnu++0x";
				CLANG_CXX_LIBRARY = "libc++";
				CLANG_ENABLE_MODULES = YES;
				CLANG_ENABLE_OBJC_ARC = YES;
				CLANG_WARN_BOOL_CONVERSION = YES;
				CLANG_WARN_CONSTANT_CONVERSION = YES;
				CLANG_WARN_DIRECT_OBJC_ISA_USAGE = YES_ERROR;
				CLANG_WARN_EMPTY_BODY = YES;
				CLANG_WARN_ENUM_CONVERSION = YES;
				CLANG_WARN_INT_CONVERSION = YES;
				CLANG_WARN_OBJC_ROOT_CLASS = YES_ERROR;
				CLANG_WARN_UNREACHABLE_CODE = YES;
				CLANG_WARN__DUPLICATE_METHOD_MATCH = YES;
				"CODE_SIGN_IDENTITY[sdk=iphoneos*]" = "iPhone Developer";
				COPY_PHASE_STRIP = NO;
				DEBUG_INFORMATION_FORMAT = "dwarf-with-dsym";
				ENABLE_STRICT_OBJC_MSGSEND = YES;
				ENABLE_TESTABILITY = YES;
				GCC_C_LANGUAGE_STANDARD = gnu99;
				GCC_DYNAMIC_NO_PIC = NO;
				GCC_NO_COMMON_BLOCKS = YES;
				GCC_OPTIMIZATION_LEVEL = 0;
				GCC_PREPROCESSOR_DEFINITIONS = (
					"DEBUG=1",
					"$(inherited)",
				);
				GCC_WARN_64_TO_32_BIT_CONVERSION = YES;
				GCC_WARN_ABOUT_RETURN_TYPE = YES_ERROR;
				GCC_WARN_UNDECLARED_SELECTOR = YES;
				GCC_WARN_UNINITIALIZED_AUTOS = YES_AGGRESSIVE;
				GCC_WARN_UNUSED_FUNCTION = YES;
				GCC_WARN_UNUSED_VARIABLE = YES;
				IPHONEOS_DEPLOYMENT_TARGET = 9.3;
				MTL_ENABLE_DEBUG_INFO = YES;
				ONLY_ACTIVE_ARCH = YES;
				SDKROOT = iphoneos;
				SWIFT_OPTIMIZATION_LEVEL = "-Onone";
			};
			name = Debug;
		};
		BCA010CC1D2387DB0016AD85 /* Release */ = {
			isa = XCBuildConfiguration;
			buildSettings = {
				ALWAYS_SEARCH_USER_PATHS = NO;
				CLANG_ANALYZER_NONNULL = YES;
				CLANG_CXX_LANGUAGE_STANDARD = "gnu++0x";
				CLANG_CXX_LIBRARY = "libc++";
				CLANG_ENABLE_MODULES = YES;
				CLANG_ENABLE_OBJC_ARC = YES;
				CLANG_WARN_BOOL_CONVERSION = YES;
				CLANG_WARN_CONSTANT_CONVERSION = YES;
				CLANG_WARN_DIRECT_OBJC_ISA_USAGE = YES_ERROR;
				CLANG_WARN_EMPTY_BODY = YES;
				CLANG_WARN_ENUM_CONVERSION = YES;
				CLANG_WARN_INT_CONVERSION = YES;
				CLANG_WARN_OBJC_ROOT_CLASS = YES_ERROR;
				CLANG_WARN_UNREACHABLE_CODE = YES;
				CLANG_WARN__DUPLICATE_METHOD_MATCH = YES;
				"CODE_SIGN_IDENTITY[sdk=iphoneos*]" = "iPhone Developer";
				COPY_PHASE_STRIP = NO;
				DEBUG_INFORMATION_FORMAT = "dwarf-with-dsym";
				ENABLE_NS_ASSERTIONS = NO;
				ENABLE_STRICT_OBJC_MSGSEND = YES;
				GCC_C_LANGUAGE_STANDARD = gnu99;
				GCC_NO_COMMON_BLOCKS = YES;
				GCC_WARN_64_TO_32_BIT_CONVERSION = YES;
				GCC_WARN_ABOUT_RETURN_TYPE = YES_ERROR;
				GCC_WARN_UNDECLARED_SELECTOR = YES;
				GCC_WARN_UNINITIALIZED_AUTOS = YES_AGGRESSIVE;
				GCC_WARN_UNUSED_FUNCTION = YES;
				GCC_WARN_UNUSED_VARIABLE = YES;
				IPHONEOS_DEPLOYMENT_TARGET = 9.3;
				MTL_ENABLE_DEBUG_INFO = NO;
				SDKROOT = iphoneos;
				VALIDATE_PRODUCT = YES;
			};
			name = Release;
		};
		BCA010CE1D2387DB0016AD85 /* Debug */ = {
			isa = XCBuildConfiguration;
			buildSettings = {
				ASSETCATALOG_COMPILER_APPICON_NAME = AppIcon;
				CODE_SIGN_IDENTITY = "iPhone Developer";
				"CODE_SIGN_IDENTITY[sdk=iphoneos*]" = "iPhone Developer";
				INFOPLIST_FILE = MakeSchoolOfFish/Info.plist;
				LD_RUNPATH_SEARCH_PATHS = "$(inherited) @executable_path/Frameworks";
				PRODUCT_BUNDLE_IDENTIFIER = com.makeschool.MakeSchoolOfFish;
				PRODUCT_NAME = FishSim;
				PROVISIONING_PROFILE = "";
			};
			name = Debug;
		};
		BCA010CF1D2387DB0016AD85 /* Release */ = {
			isa = XCBuildConfiguration;
			buildSettings = {
				ASSETCATALOG_COMPILER_APPICON_NAME = AppIcon;
				CODE_SIGN_IDENTITY = "iPhone Developer";
				"CODE_SIGN_IDENTITY[sdk=iphoneos*]" = "iPhone Developer";
				INFOPLIST_FILE = MakeSchoolOfFish/Info.plist;
				LD_RUNPATH_SEARCH_PATHS = "$(inherited) @executable_path/Frameworks";
				PRODUCT_BUNDLE_IDENTIFIER = com.makeschool.MakeSchoolOfFish;
				PRODUCT_NAME = FishSim;
				PROVISIONING_PROFILE = "";
			};
			name = Release;
		};
/* End XCBuildConfiguration section */

/* Begin XCConfigurationList section */
		BCA010B21D2387DB0016AD85 /* Build configuration list for PBXProject "MakeSchoolOfFish" */ = {
			isa = XCConfigurationList;
			buildConfigurations = (
				BCA010CB1D2387DB0016AD85 /* Debug */,
				BCA010CC1D2387DB0016AD85 /* Release */,
			);
			defaultConfigurationIsVisible = 0;
			defaultConfigurationName = Release;
		};
		BCA010CD1D2387DB0016AD85 /* Build configuration list for PBXNativeTarget "MakeSchoolOfFish" */ = {
			isa = XCConfigurationList;
			buildConfigurations = (
				BCA010CE1D2387DB0016AD85 /* Debug */,
				BCA010CF1D2387DB0016AD85 /* Release */,
			);
			defaultConfigurationIsVisible = 0;
			defaultConfigurationName = Release;
		};
/* End XCConfigurationList section */
	};
	rootObject = BCA010AF1D2387DB0016AD85 /* Project object */;
}
